[[package]]
name = "argparse"
version = "1.4.0"
description = "Python command-line parsing library"
category = "main"
optional = false
python-versions = "*"

[[package]]
name = "astroid"
version = "2.5.1"
description = "An abstract syntax tree for Python with inference support."
category = "main"
optional = false
python-versions = ">=3.6"

[package.dependencies]
lazy-object-proxy = ">=1.4.0"
wrapt = ">=1.11,<1.13"

[[package]]
name = "beautifulsoup4"
version = "4.9.3"
description = "Screen-scraping library"
category = "main"
optional = false
python-versions = "*"

[package.dependencies]
soupsieve = {version = ">1.2", markers = "python_version >= \"3.0\""}

[package.extras]
html5lib = ["html5lib"]
lxml = ["lxml"]

[[package]]
name = "cachetools"
version = "4.2.1"
description = "Extensible memoizing collections and decorators"
category = "main"
optional = false
python-versions = "~=3.5"

[[package]]
name = "certifi"
version = "2022.12.7"
description = "Python package for providing Mozilla's CA Bundle."
category = "main"
optional = false
python-versions = ">=3.6"

[[package]]
name = "chardet"
version = "4.0.0"
description = "Universal encoding detector for Python 2 and 3"
category = "main"
optional = false
python-versions = ">=2.7, !=3.0.*, !=3.1.*, !=3.2.*, !=3.3.*, !=3.4.*"

[[package]]
name = "colorama"
version = "0.4.4"
description = "Cross-platform colored terminal text."
category = "main"
optional = false
python-versions = ">=2.7, !=3.0.*, !=3.1.*, !=3.2.*, !=3.3.*, !=3.4.*"

[[package]]
name = "deprecated"
version = "1.2.11"
description = "Python @deprecated decorator to deprecate old python classes, functions or methods."
category = "main"
optional = false
python-versions = ">=2.7, !=3.0.*, !=3.1.*, !=3.2.*, !=3.3.*"

[package.dependencies]
wrapt = ">=1.10,<2"

[package.extras]
dev = ["PyTest", "PyTest (<5)", "PyTest-Cov", "PyTest-Cov (<2.6)", "bump2version (<1)", "configparser (<5)", "importlib-metadata (<3)", "importlib-resources (<4)", "sphinx (<2)", "sphinxcontrib-websupport (<2)", "tox", "zipp (<2)"]

[[package]]
name = "google-api-core"
version = "1.26.1"
description = "Google API client core library"
category = "main"
optional = false
python-versions = ">=2.7,!=3.0.*,!=3.1.*,!=3.2.*,!=3.3.*,!=3.4.*,!=3.5.*"

[package.dependencies]
google-auth = ">=1.21.1,<2.0dev"
googleapis-common-protos = ">=1.6.0,<2.0dev"
packaging = ">=14.3"
protobuf = ">=3.12.0"
pytz = "*"
requests = ">=2.18.0,<3.0.0dev"
setuptools = ">=40.3.0"
six = ">=1.13.0"

[package.extras]
grpc = ["grpcio (>=1.29.0,<2.0dev)"]
grpcgcp = ["grpcio-gcp (>=0.2.2)"]
grpcio-gcp = ["grpcio-gcp (>=0.2.2)"]

[[package]]
name = "google-api-python-client"
version = "2.0.2"
description = "Google API Client Library for Python"
category = "main"
optional = false
python-versions = ">=3.6"

[package.dependencies]
google-api-core = ">=1.21.0,<2dev"
google-auth = ">=1.16.0,<2dev"
google-auth-httplib2 = ">=0.0.3"
httplib2 = ">=0.15.0,<1dev"
six = ">=1.13.0,<2dev"
uritemplate = ">=3.0.0,<4dev"

[[package]]
name = "google-auth"
version = "1.27.1"
description = "Google Authentication Library"
category = "main"
optional = false
python-versions = ">=2.7,!=3.0.*,!=3.1.*,!=3.2.*,!=3.3.*,!=3.4.*,!=3.5.*"

[package.dependencies]
cachetools = ">=2.0.0,<5.0"
pyasn1-modules = ">=0.2.1"
rsa = {version = ">=3.1.4,<5", markers = "python_version >= \"3.6\""}
setuptools = ">=40.3.0"
six = ">=1.9.0"

[package.extras]
aiohttp = ["aiohttp (>=3.6.2,<4.0.0dev)"]
pyopenssl = ["pyopenssl (>=20.0.0)"]

[[package]]
name = "google-auth-httplib2"
version = "0.1.0"
description = "Google Authentication Library: httplib2 transport"
category = "main"
optional = false
python-versions = "*"

[package.dependencies]
google-auth = "*"
httplib2 = ">=0.15.0"
six = "*"

[[package]]
name = "google-auth-oauthlib"
version = "0.4.3"
description = "Google Authentication Library"
category = "main"
optional = false
python-versions = ">=3.6"

[package.dependencies]
google-auth = ">=1.0.0"
requests-oauthlib = ">=0.7.0"

[package.extras]
tool = ["click (>=6.0.0)"]

[[package]]
name = "googleapis-common-protos"
version = "1.53.0"
description = "Common protobufs used in Google APIs"
category = "main"
optional = false
python-versions = ">=3.6"

[package.dependencies]
protobuf = ">=3.12.0"

[package.extras]
grpc = ["grpcio (>=1.0.0)"]

[[package]]
name = "httplib2"
version = "0.19.0"
description = "A comprehensive HTTP client library."
category = "main"
optional = false
python-versions = "*"

[package.dependencies]
pyparsing = ">=2.4.2,<3"

[[package]]
name = "idna"
version = "2.10"
description = "Internationalized Domain Names in Applications (IDNA)"
category = "main"
optional = false
python-versions = ">=2.7, !=3.0.*, !=3.1.*, !=3.2.*, !=3.3.*"

[[package]]
name = "isort"
version = "5.7.0"
description = "A Python utility / library to sort Python imports."
category = "main"
optional = false
python-versions = ">=3.6,<4.0"

[package.extras]
colors = ["colorama (>=0.4.3,<0.5.0)"]
pipfile-deprecated-finder = ["pipreqs", "requirementslib"]
requirements-deprecated-finder = ["pip-api", "pipreqs"]

[[package]]
name = "lazy-object-proxy"
version = "1.5.2"
description = "A fast and thorough lazy object proxy."
category = "main"
optional = false
python-versions = ">=2.7, !=3.0.*, !=3.1.*, !=3.2.*, !=3.3.*, !=3.4.*"

[[package]]
name = "lxml"
version = "4.6.5"
description = "Powerful and Pythonic XML processing library combining libxml2/libxslt with the ElementTree API."
category = "main"
optional = false
python-versions = ">=2.7, !=3.0.*, !=3.1.*, !=3.2.*, !=3.3.*, != 3.4.*"

[package.extras]
cssselect = ["cssselect (>=0.7)"]
html5 = ["html5lib"]
htmlsoup = ["BeautifulSoup4"]
source = ["Cython (>=0.29.7)"]

[[package]]
name = "mccabe"
version = "0.6.1"
description = "McCabe checker, plugin for flake8"
category = "main"
optional = false
python-versions = "*"

[[package]]
name = "oauthlib"
version = "3.1.0"
description = "A generic, spec-compliant, thorough implementation of the OAuth request-signing logic"
category = "main"
optional = false
python-versions = ">=2.7, !=3.0.*, !=3.1.*, !=3.2.*, !=3.3.*"

[package.extras]
rsa = ["cryptography"]
signals = ["blinker"]
signedtoken = ["cryptography", "pyjwt (>=1.0.0)"]

[[package]]
name = "packaging"
version = "20.9"
description = "Core utilities for Python packages"
category = "main"
optional = false
python-versions = ">=2.7, !=3.0.*, !=3.1.*, !=3.2.*, !=3.3.*"

[package.dependencies]
pyparsing = ">=2.0.2"

[[package]]
name = "protobuf"
version = "3.15.5"
description = "Protocol Buffers"
category = "main"
optional = false
python-versions = "*"

[package.dependencies]
six = ">=1.9"

[[package]]
name = "pyasn1"
version = "0.4.8"
description = "ASN.1 types and codecs"
category = "main"
optional = false
python-versions = "*"

[[package]]
name = "pyasn1-modules"
version = "0.2.8"
description = "A collection of ASN.1-based protocols modules."
category = "main"
optional = false
python-versions = "*"

[package.dependencies]
pyasn1 = ">=0.4.6,<0.5.0"

[[package]]
name = "pycoingecko"
version = "1.4.0"
description = "Python wrapper around the CoinGecko API"
category = "main"
optional = false
python-versions = "*"

[package.dependencies]
requests = "*"

[[package]]
name = "pygithub"
version = "1.54.1"
description = "Use the full Github API v3"
category = "main"
optional = false
python-versions = ">=3.6"

[package.dependencies]
deprecated = "*"
pyjwt = "<2.0"
requests = ">=2.14.0"

[package.extras]
integrations = ["cryptography"]

[[package]]
name = "pyjwt"
version = "1.7.1"
description = "JSON Web Token implementation in Python"
category = "main"
optional = false
python-versions = "*"

[package.extras]
crypto = ["cryptography (>=1.4)"]
flake8 = ["flake8", "flake8-import-order", "pep8-naming"]
test = ["pytest (>=4.0.1,<5.0.0)", "pytest-cov (>=2.6.0,<3.0.0)", "pytest-runner (>=4.2,<5.0.0)"]

[[package]]
name = "pylint"
version = "2.7.2"
description = "python code static checker"
category = "main"
optional = false
python-versions = "~=3.6"

[package.dependencies]
astroid = ">=2.5.1,<2.6"
colorama = {version = "*", markers = "sys_platform == \"win32\""}
isort = ">=4.2.5,<6"
mccabe = ">=0.6,<0.7"
toml = ">=0.7.1"

[package.extras]
docs = ["python-docs-theme (==2020.12)", "sphinx (==3.5.1)"]

[[package]]
name = "pyparsing"
version = "2.4.7"
description = "Python parsing module"
category = "main"
optional = false
python-versions = ">=2.6, !=3.0.*, !=3.1.*, !=3.2.*"

[[package]]
name = "pytz"
version = "2021.1"
description = "World timezone definitions, modern and historical"
category = "main"
optional = false
python-versions = "*"

[[package]]
name = "requests"
version = "2.25.1"
description = "Python HTTP for Humans."
category = "main"
optional = false
python-versions = ">=2.7, !=3.0.*, !=3.1.*, !=3.2.*, !=3.3.*, !=3.4.*"

[package.dependencies]
certifi = ">=2017.4.17"
chardet = ">=3.0.2,<5"
idna = ">=2.5,<3"
urllib3 = ">=1.21.1,<1.27"

[package.extras]
security = ["cryptography (>=1.3.4)", "pyOpenSSL (>=0.14)"]
socks = ["PySocks (>=1.5.6,!=1.5.7)", "win-inet-pton"]

[[package]]
name = "requests-oauthlib"
version = "1.3.0"
description = "OAuthlib authentication support for Requests."
category = "main"
optional = false
python-versions = ">=2.7, !=3.0.*, !=3.1.*, !=3.2.*, !=3.3.*"

[package.dependencies]
oauthlib = ">=3.0.0"
requests = ">=2.0.0"

[package.extras]
rsa = ["oauthlib[signedtoken] (>=3.0.0)"]

[[package]]
name = "rsa"
version = "4.7.2"
description = "Pure-Python RSA implementation"
category = "main"
optional = false
python-versions = ">=3.5, <4"

[package.dependencies]
pyasn1 = ">=0.1.3"

[[package]]
name = "setuptools"
version = "65.6.3"
description = "Easily download, build, install, upgrade, and uninstall Python packages"
category = "main"
optional = false
python-versions = ">=3.7"

[package.extras]
docs = ["furo", "jaraco.packaging (>=9)", "jaraco.tidelift (>=1.4)", "pygments-github-lexers (==0.0.5)", "rst.linker (>=1.9)", "sphinx (>=3.5)", "sphinx-favicon", "sphinx-hoverxref (<2)", "sphinx-inline-tabs", "sphinx-notfound-page (==0.8.3)", "sphinx-reredirects", "sphinxcontrib-towncrier"]
testing = ["build[virtualenv]", "filelock (>=3.4.0)", "flake8 (<5)", "flake8-2020", "ini2toml[lite] (>=0.9)", "jaraco.envs (>=2.2)", "jaraco.path (>=3.2.0)", "pip (>=19.1)", "pip-run (>=8.8)", "pytest (>=6)", "pytest-black (>=0.3.7)", "pytest-checkdocs (>=2.4)", "pytest-cov", "pytest-enabler (>=1.3)", "pytest-flake8", "pytest-mypy (>=0.9.1)", "pytest-perf", "pytest-timeout", "pytest-xdist", "tomli-w (>=1.0.0)", "virtualenv (>=13.0.0)", "wheel"]
testing-integration = ["build[virtualenv]", "filelock (>=3.4.0)", "jaraco.envs (>=2.2)", "jaraco.path (>=3.2.0)", "pytest", "pytest-enabler", "pytest-xdist", "tomli", "virtualenv (>=13.0.0)", "wheel"]

[[package]]
name = "six"
version = "1.15.0"
description = "Python 2 and 3 compatibility utilities"
category = "main"
optional = false
python-versions = ">=2.7, !=3.0.*, !=3.1.*, !=3.2.*"

[[package]]
name = "soupsieve"
version = "2.2"
description = "A modern CSS selector implementation for Beautiful Soup."
category = "main"
optional = false
python-versions = ">=3.6"

[[package]]
name = "toml"
version = "0.10.2"
description = "Python Library for Tom's Obvious, Minimal Language"
category = "main"
optional = false
python-versions = ">=2.6, !=3.0.*, !=3.1.*, !=3.2.*"

[[package]]
name = "uritemplate"
version = "3.0.1"
description = "URI templates"
category = "main"
optional = false
python-versions = ">=2.7, !=3.0.*, !=3.1.*, !=3.2.*, !=3.3.*"

[[package]]
name = "urllib3"
version = "1.26.5"
description = "HTTP library with thread-safe connection pooling, file post, and more."
category = "main"
optional = false
python-versions = ">=2.7, !=3.0.*, !=3.1.*, !=3.2.*, !=3.3.*, !=3.4.*, <4"

[package.extras]
brotli = ["brotlipy (>=0.6.0)"]
secure = ["certifi", "cryptography (>=1.3.4)", "idna (>=2.0.0)", "ipaddress", "pyOpenSSL (>=0.14)"]
socks = ["PySocks (>=1.5.6,!=1.5.7,<2.0)"]

[[package]]
name = "wrapt"
version = "1.12.1"
description = "Module for decorators, wrappers and monkey patching."
category = "main"
optional = false
python-versions = "*"

[metadata]
lock-version = "1.1"
python-versions = "^3.8"
content-hash = "d2a6dc8920adb1916ec82d3901faf286718a7c396d4b1bbbc1d8b7f088966672"

[metadata.files]
argparse = [
    {file = "argparse-1.4.0-py2.py3-none-any.whl", hash = "sha256:c31647edb69fd3d465a847ea3157d37bed1f95f19760b11a47aa91c04b666314"},
    {file = "argparse-1.4.0.tar.gz", hash = "sha256:62b089a55be1d8949cd2bc7e0df0bddb9e028faefc8c32038cc84862aefdd6e4"},
]
astroid = [
    {file = "astroid-2.5.1-py3-none-any.whl", hash = "sha256:21d735aab248253531bb0f1e1e6d068f0ee23533e18ae8a6171ff892b98297cf"},
    {file = "astroid-2.5.1.tar.gz", hash = "sha256:cfc35498ee64017be059ceffab0a25bedf7548ab76f2bea691c5565896e7128d"},
]
beautifulsoup4 = [
    {file = "beautifulsoup4-4.9.3-py2-none-any.whl", hash = "sha256:4c98143716ef1cb40bf7f39a8e3eec8f8b009509e74904ba3a7b315431577e35"},
    {file = "beautifulsoup4-4.9.3-py3-none-any.whl", hash = "sha256:fff47e031e34ec82bf17e00da8f592fe7de69aeea38be00523c04623c04fb666"},
    {file = "beautifulsoup4-4.9.3.tar.gz", hash = "sha256:84729e322ad1d5b4d25f805bfa05b902dd96450f43842c4e99067d5e1369eb25"},
]
cachetools = [
    {file = "cachetools-4.2.1-py3-none-any.whl", hash = "sha256:1d9d5f567be80f7c07d765e21b814326d78c61eb0c3a637dffc0e5d1796cb2e2"},
    {file = "cachetools-4.2.1.tar.gz", hash = "sha256:f469e29e7aa4cff64d8de4aad95ce76de8ea1125a16c68e0d93f65c3c3dc92e9"},
]
certifi = [
    {file = "certifi-2022.12.7-py3-none-any.whl", hash = "sha256:4ad3232f5e926d6718ec31cfc1fcadfde020920e278684144551c91769c7bc18"},
    {file = "certifi-2022.12.7.tar.gz", hash = "sha256:35824b4c3a97115964b408844d64aa14db1cc518f6562e8d7261699d1350a9e3"},
]
chardet = [
    {file = "chardet-4.0.0-py2.py3-none-any.whl", hash = "sha256:f864054d66fd9118f2e67044ac8981a54775ec5b67aed0441892edb553d21da5"},
    {file = "chardet-4.0.0.tar.gz", hash = "sha256:0d6f53a15db4120f2b08c94f11e7d93d2c911ee118b6b30a04ec3ee8310179fa"},
]
colorama = [
    {file = "colorama-0.4.4-py2.py3-none-any.whl", hash = "sha256:9f47eda37229f68eee03b24b9748937c7dc3868f906e8ba69fbcbdd3bc5dc3e2"},
    {file = "colorama-0.4.4.tar.gz", hash = "sha256:5941b2b48a20143d2267e95b1c2a7603ce057ee39fd88e7329b0c292aa16869b"},
]
deprecated = [
    {file = "Deprecated-1.2.11-py2.py3-none-any.whl", hash = "sha256:924b6921f822b64ec54f49be6700a126bab0640cfafca78f22c9d429ed590560"},
    {file = "Deprecated-1.2.11.tar.gz", hash = "sha256:471ec32b2755172046e28102cd46c481f21c6036a0ec027521eba8521aa4ef35"},
]
google-api-core = [
    {file = "google-api-core-1.26.1.tar.gz", hash = "sha256:23b0df512c4cc8729793f8992edb350e3211f5fd0ec007afb1599864b421beef"},
    {file = "google_api_core-1.26.1-py2.py3-none-any.whl", hash = "sha256:c383206f0f87545d3e658c4f8dc3b18a8457610fdbd791a15757c5b42d1e0e7f"},
]
google-api-python-client = [
    {file = "google-api-python-client-2.0.2.tar.gz", hash = "sha256:48686cceb0dc8cb8b9ee1920ad7c0d9b499ef4fca0ca51c1c69f1e462a628011"},
    {file = "google_api_python_client-2.0.2-py2.py3-none-any.whl", hash = "sha256:b665afbb38df357222bac695e76f2ceb3c42346bfbfb64146061285e175c38d8"},
]
google-auth = [
    {file = "google-auth-1.27.1.tar.gz", hash = "sha256:d8958af6968e4ecd599f82357ebcfeb126f826ed0656126ad68416f810f7531e"},
    {file = "google_auth-1.27.1-py2.py3-none-any.whl", hash = "sha256:63a5636d7eacfe6ef5b7e36e112b3149fa1c5b5ad77dd6df54910459bcd6b89f"},
]
google-auth-httplib2 = [
    {file = "google-auth-httplib2-0.1.0.tar.gz", hash = "sha256:a07c39fd632becacd3f07718dfd6021bf396978f03ad3ce4321d060015cc30ac"},
    {file = "google_auth_httplib2-0.1.0-py2.py3-none-any.whl", hash = "sha256:31e49c36c6b5643b57e82617cb3e021e3e1d2df9da63af67252c02fa9c1f4a10"},
]
google-auth-oauthlib = [
    {file = "google-auth-oauthlib-0.4.3.tar.gz", hash = "sha256:54431535309cfab50897d9c181e8c2226268825aa6e42e930b05b99c5041a18c"},
    {file = "google_auth_oauthlib-0.4.3-py2.py3-none-any.whl", hash = "sha256:dabffbf594a6be2fd6d054060846d1201569252efb10dfb749b504a7591f8af0"},
]
googleapis-common-protos = [
    {file = "googleapis-common-protos-1.53.0.tar.gz", hash = "sha256:a88ee8903aa0a81f6c3cec2d5cf62d3c8aa67c06439b0496b49048fb1854ebf4"},
    {file = "googleapis_common_protos-1.53.0-py2.py3-none-any.whl", hash = "sha256:f6d561ab8fb16b30020b940e2dd01cd80082f4762fa9f3ee670f4419b4b8dbd0"},
]
httplib2 = [
    {file = "httplib2-0.19.0-py3-none-any.whl", hash = "sha256:749c32603f9bf16c1277f59531d502e8f1c2ca19901ae653b49c4ed698f0820e"},
    {file = "httplib2-0.19.0.tar.gz", hash = "sha256:e0d428dad43c72dbce7d163b7753ffc7a39c097e6788ef10f4198db69b92f08e"},
]
idna = [
    {file = "idna-2.10-py2.py3-none-any.whl", hash = "sha256:b97d804b1e9b523befed77c48dacec60e6dcb0b5391d57af6a65a312a90648c0"},
    {file = "idna-2.10.tar.gz", hash = "sha256:b307872f855b18632ce0c21c5e45be78c0ea7ae4c15c828c20788b26921eb3f6"},
]
isort = [
    {file = "isort-5.7.0-py3-none-any.whl", hash = "sha256:fff4f0c04e1825522ce6949973e83110a6e907750cd92d128b0d14aaaadbffdc"},
    {file = "isort-5.7.0.tar.gz", hash = "sha256:c729845434366216d320e936b8ad6f9d681aab72dc7cbc2d51bedc3582f3ad1e"},
]
lazy-object-proxy = [
    {file = "lazy-object-proxy-1.5.2.tar.gz", hash = "sha256:5944a9b95e97de1980c65f03b79b356f30a43de48682b8bdd90aa5089f0ec1f4"},
    {file = "lazy_object_proxy-1.5.2-cp27-cp27m-macosx_10_14_x86_64.whl", hash = "sha256:e960e8be509e8d6d618300a6c189555c24efde63e85acaf0b14b2cd1ac743315"},
    {file = "lazy_object_proxy-1.5.2-cp27-cp27mu-manylinux1_x86_64.whl", hash = "sha256:522b7c94b524389f4a4094c4bf04c2b02228454ddd17c1a9b2801fac1d754871"},
    {file = "lazy_object_proxy-1.5.2-cp35-cp35m-manylinux1_x86_64.whl", hash = "sha256:3782931963dc89e0e9a0ae4348b44762e868ea280e4f8c233b537852a8996ab9"},
    {file = "lazy_object_proxy-1.5.2-cp35-cp35m-manylinux2014_aarch64.whl", hash = "sha256:429c4d1862f3fc37cd56304d880f2eae5bd0da83bdef889f3bd66458aac49128"},
    {file = "lazy_object_proxy-1.5.2-cp35-cp35m-win32.whl", hash = "sha256:cd1bdace1a8762534e9a36c073cd54e97d517a17d69a17985961265be6d22847"},
    {file = "lazy_object_proxy-1.5.2-cp35-cp35m-win_amd64.whl", hash = "sha256:ddbdcd10eb999d7ab292677f588b658372aadb9a52790f82484a37127a390108"},
    {file = "lazy_object_proxy-1.5.2-cp36-cp36m-manylinux1_x86_64.whl", hash = "sha256:ecb5dd5990cec6e7f5c9c1124a37cb2c710c6d69b0c1a5c4aa4b35eba0ada068"},
    {file = "lazy_object_proxy-1.5.2-cp36-cp36m-manylinux2014_aarch64.whl", hash = "sha256:b6577f15d5516d7d209c1a8cde23062c0f10625f19e8dc9fb59268859778d7d7"},
    {file = "lazy_object_proxy-1.5.2-cp36-cp36m-win32.whl", hash = "sha256:c8fe2d6ff0ff583784039d0255ea7da076efd08507f2be6f68583b0da32e3afb"},
    {file = "lazy_object_proxy-1.5.2-cp36-cp36m-win_amd64.whl", hash = "sha256:fa5b2dee0e231fa4ad117be114251bdfe6afe39213bd629d43deb117b6a6c40a"},
    {file = "lazy_object_proxy-1.5.2-cp37-cp37m-manylinux1_x86_64.whl", hash = "sha256:1d33d6f789697f401b75ce08e73b1de567b947740f768376631079290118ad39"},
    {file = "lazy_object_proxy-1.5.2-cp37-cp37m-manylinux2014_aarch64.whl", hash = "sha256:57fb5c5504ddd45ed420b5b6461a78f58cbb0c1b0cbd9cd5a43ad30a4a3ee4d0"},
    {file = "lazy_object_proxy-1.5.2-cp37-cp37m-win32.whl", hash = "sha256:e7273c64bccfd9310e9601b8f4511d84730239516bada26a0c9846c9697617ef"},
    {file = "lazy_object_proxy-1.5.2-cp37-cp37m-win_amd64.whl", hash = "sha256:6f4e5e68b7af950ed7fdb594b3f19a0014a3ace0fedb86acb896e140ffb24302"},
    {file = "lazy_object_proxy-1.5.2-cp38-cp38-manylinux1_x86_64.whl", hash = "sha256:cadfa2c2cf54d35d13dc8d231253b7985b97d629ab9ca6e7d672c35539d38163"},
    {file = "lazy_object_proxy-1.5.2-cp38-cp38-manylinux2014_aarch64.whl", hash = "sha256:e7428977763150b4cf83255625a80a23dfdc94d43be7791ce90799d446b4e26f"},
    {file = "lazy_object_proxy-1.5.2-cp38-cp38-win32.whl", hash = "sha256:2f2de8f8ac0be3e40d17730e0600619d35c78c13a099ea91ef7fb4ad944ce694"},
    {file = "lazy_object_proxy-1.5.2-cp38-cp38-win_amd64.whl", hash = "sha256:38c3865bd220bd983fcaa9aa11462619e84a71233bafd9c880f7b1cb753ca7fa"},
    {file = "lazy_object_proxy-1.5.2-cp39-cp39-macosx_10_14_x86_64.whl", hash = "sha256:8a44e9901c0555f95ac401377032f6e6af66d8fc1fbfad77a7a8b1a826e0b93c"},
    {file = "lazy_object_proxy-1.5.2-cp39-cp39-manylinux1_x86_64.whl", hash = "sha256:fa7fb7973c622b9e725bee1db569d2c2ee64d2f9a089201c5e8185d482c7352d"},
    {file = "lazy_object_proxy-1.5.2-cp39-cp39-manylinux2014_aarch64.whl", hash = "sha256:71a1ef23f22fa8437974b2d60fedb947c99a957ad625f83f43fd3de70f77f458"},
    {file = "lazy_object_proxy-1.5.2-cp39-cp39-win32.whl", hash = "sha256:ef3f5e288aa57b73b034ce9c1f1ac753d968f9069cd0742d1d69c698a0167166"},
    {file = "lazy_object_proxy-1.5.2-cp39-cp39-win_amd64.whl", hash = "sha256:37d9c34b96cca6787fe014aeb651217944a967a5b165e2cacb6b858d2997ab84"},
]
lxml = [
    {file = "lxml-4.6.5-cp27-cp27m-macosx_10_14_x86_64.whl", hash = "sha256:abcf7daa5ebcc89328326254f6dd6d566adb483d4d00178892afd386ab389de2"},
    {file = "lxml-4.6.5-cp27-cp27m-manylinux_2_5_i686.manylinux1_i686.whl", hash = "sha256:3884476a90d415be79adfa4e0e393048630d0d5bcd5757c4c07d8b4b00a1096b"},
    {file = "lxml-4.6.5-cp27-cp27m-manylinux_2_5_x86_64.manylinux1_x86_64.whl", hash = "sha256:add017c5bd6b9ec3a5f09248396b6ee2ce61c5621f087eb2269c813cd8813808"},
    {file = "lxml-4.6.5-cp27-cp27m-win32.whl", hash = "sha256:a702005e447d712375433ed0499cb6e1503fadd6c96a47f51d707b4d37b76d3c"},
    {file = "lxml-4.6.5-cp27-cp27m-win_amd64.whl", hash = "sha256:da07c7e7fc9a3f40446b78c54dbba8bfd5c9100dfecb21b65bfe3f57844f5e71"},
    {file = "lxml-4.6.5-cp27-cp27mu-manylinux_2_5_i686.manylinux1_i686.whl", hash = "sha256:a708c291900c40a7ecf23f1d2384ed0bc0604e24094dd13417c7e7f8f7a50d93"},
    {file = "lxml-4.6.5-cp27-cp27mu-manylinux_2_5_x86_64.manylinux1_x86_64.whl", hash = "sha256:f33d8efb42e4fc2b31b3b4527940b25cdebb3026fb56a80c1c1c11a4271d2352"},
    {file = "lxml-4.6.5-cp310-cp310-macosx_10_14_x86_64.whl", hash = "sha256:f6befb83bca720b71d6bd6326a3b26e9496ae6649e26585de024890fe50f49b8"},
    {file = "lxml-4.6.5-cp310-cp310-manylinux_2_12_i686.manylinux2010_i686.manylinux_2_24_i686.whl", hash = "sha256:59d77bfa3bea13caee95bc0d3f1c518b15049b97dd61ea8b3d71ce677a67f808"},
    {file = "lxml-4.6.5-cp310-cp310-manylinux_2_17_aarch64.manylinux2014_aarch64.manylinux_2_24_aarch64.whl", hash = "sha256:68a851176c931e2b3de6214347b767451243eeed3bea34c172127bbb5bf6c210"},
    {file = "lxml-4.6.5-cp310-cp310-manylinux_2_17_x86_64.manylinux2014_x86_64.manylinux_2_24_x86_64.whl", hash = "sha256:a7790a273225b0c46e5f859c1327f0f659896cc72eaa537d23aa3ad9ff2a1cc1"},
    {file = "lxml-4.6.5-cp310-cp310-musllinux_1_1_x86_64.whl", hash = "sha256:6548fc551de15f310dd0564751d9dc3d405278d45ea9b2b369ed1eccf142e1f5"},
    {file = "lxml-4.6.5-cp310-cp310-win32.whl", hash = "sha256:dc8a0dbb2a10ae8bb609584f5c504789f0f3d0d81840da4849102ec84289f952"},
    {file = "lxml-4.6.5-cp310-cp310-win_amd64.whl", hash = "sha256:1ccbfe5d17835db906f2bab6f15b34194db1a5b07929cba3cf45a96dbfbfefc0"},
    {file = "lxml-4.6.5-cp35-cp35m-manylinux_2_5_i686.manylinux1_i686.whl", hash = "sha256:ca9a40497f7e97a2a961c04fa8a6f23d790b0521350a8b455759d786b0bcb203"},
    {file = "lxml-4.6.5-cp35-cp35m-manylinux_2_5_x86_64.manylinux1_x86_64.whl", hash = "sha256:e5b4b0d9440046ead3bd425eb2b852499241ee0cef1ae151038e4f87ede888c4"},
    {file = "lxml-4.6.5-cp35-cp35m-win32.whl", hash = "sha256:87f8f7df70b90fbe7b49969f07b347e3f978f8bd1046bb8ecae659921869202b"},
    {file = "lxml-4.6.5-cp35-cp35m-win_amd64.whl", hash = "sha256:ce52aad32ec6e46d1a91ff8b8014a91538800dd533914bfc4a82f5018d971408"},
    {file = "lxml-4.6.5-cp36-cp36m-macosx_10_14_x86_64.whl", hash = "sha256:8021eeff7fabde21b9858ed058a8250ad230cede91764d598c2466b0ba70db8b"},
    {file = "lxml-4.6.5-cp36-cp36m-manylinux_2_12_i686.manylinux2010_i686.manylinux_2_24_i686.whl", hash = "sha256:cab343b265e38d4e00649cbbad9278b734c5715f9bcbb72c85a1f99b1a58e19a"},
    {file = "lxml-4.6.5-cp36-cp36m-manylinux_2_17_x86_64.manylinux2014_x86_64.manylinux_2_24_x86_64.whl", hash = "sha256:3534d7c468c044f6aef3c0aff541db2826986a29ea73f2ca831f5d5284d9b570"},
    {file = "lxml-4.6.5-cp36-cp36m-manylinux_2_5_i686.manylinux1_i686.whl", hash = "sha256:bdb98f4c9e8a1735efddfaa995b0c96559792da15d56b76428bdfc29f77c4cdb"},
    {file = "lxml-4.6.5-cp36-cp36m-manylinux_2_5_x86_64.manylinux1_x86_64.whl", hash = "sha256:5ea121cb66d7e5cb396b4c3ca90471252b94e01809805cfe3e4e44be2db3a99c"},
    {file = "lxml-4.6.5-cp36-cp36m-musllinux_1_1_x86_64.whl", hash = "sha256:121fc6f71c692b49af6c963b84ab7084402624ffbe605287da362f8af0668ea3"},
    {file = "lxml-4.6.5-cp36-cp36m-win32.whl", hash = "sha256:1a2a7659b8eb93c6daee350a0d844994d49245a0f6c05c747f619386fb90ba04"},
    {file = "lxml-4.6.5-cp36-cp36m-win_amd64.whl", hash = "sha256:2f77556266a8fe5428b8759fbfc4bd70be1d1d9c9b25d2a414f6a0c0b0f09120"},
    {file = "lxml-4.6.5-cp37-cp37m-macosx_10_14_x86_64.whl", hash = "sha256:558485218ee06458643b929765ac1eb04519ca3d1e2dcc288517de864c747c33"},
    {file = "lxml-4.6.5-cp37-cp37m-manylinux_2_12_i686.manylinux2010_i686.manylinux_2_24_i686.whl", hash = "sha256:ba0006799f21d83c3717fe20e2707a10bbc296475155aadf4f5850f6659b96b9"},
    {file = "lxml-4.6.5-cp37-cp37m-manylinux_2_17_aarch64.manylinux2014_aarch64.manylinux_2_24_aarch64.whl", hash = "sha256:916d457ad84e05b7db52700bad0a15c56e0c3000dcaf1263b2fb7a56fe148996"},
    {file = "lxml-4.6.5-cp37-cp37m-manylinux_2_17_x86_64.manylinux2014_x86_64.manylinux_2_24_x86_64.whl", hash = "sha256:c580c2a61d8297a6e47f4d01f066517dbb019be98032880d19ece7f337a9401d"},
    {file = "lxml-4.6.5-cp37-cp37m-manylinux_2_5_i686.manylinux1_i686.whl", hash = "sha256:a21b78af7e2e13bec6bea12fc33bc05730197674f3e5402ce214d07026ccfebd"},
    {file = "lxml-4.6.5-cp37-cp37m-manylinux_2_5_x86_64.manylinux1_x86_64.whl", hash = "sha256:46515773570a33eae13e451c8fcf440222ef24bd3b26f40774dd0bd8b6db15b2"},
    {file = "lxml-4.6.5-cp37-cp37m-musllinux_1_1_x86_64.whl", hash = "sha256:124f09614f999551ac65e5b9875981ce4b66ac4b8e2ba9284572f741935df3d9"},
    {file = "lxml-4.6.5-cp37-cp37m-win32.whl", hash = "sha256:b4015baed99d046c760f09a4c59d234d8f398a454380c3cf0b859aba97136090"},
    {file = "lxml-4.6.5-cp37-cp37m-win_amd64.whl", hash = "sha256:12ae2339d32a2b15010972e1e2467345b7bf962e155671239fba74c229564b7f"},
    {file = "lxml-4.6.5-cp38-cp38-macosx_10_14_x86_64.whl", hash = "sha256:76b6c296e4f7a1a8a128aec42d128646897f9ae9a700ef6839cdc9b3900db9b5"},
    {file = "lxml-4.6.5-cp38-cp38-manylinux_2_12_i686.manylinux2010_i686.manylinux_2_24_i686.whl", hash = "sha256:534032a5ceb34bba1da193b7d386ac575127cc39338379f39a164b10d97ade89"},
    {file = "lxml-4.6.5-cp38-cp38-manylinux_2_17_aarch64.manylinux2014_aarch64.manylinux_2_24_aarch64.whl", hash = "sha256:60aeb14ff9022d2687ef98ce55f6342944c40d00916452bb90899a191802137a"},
    {file = "lxml-4.6.5-cp38-cp38-manylinux_2_17_x86_64.manylinux2014_x86_64.manylinux_2_24_x86_64.whl", hash = "sha256:9801bcd52ac9c795a7d81ea67471a42cffe532e46cfb750cd5713befc5c019c0"},
    {file = "lxml-4.6.5-cp38-cp38-manylinux_2_5_i686.manylinux1_i686.whl", hash = "sha256:3b95fb7e6f9c2f53db88f4642231fc2b8907d854e614710996a96f1f32018d5c"},
    {file = "lxml-4.6.5-cp38-cp38-manylinux_2_5_x86_64.manylinux1_x86_64.whl", hash = "sha256:642eb4cabd997c9b949a994f9643cd8ae00cf4ca8c5cd9c273962296fadf1c44"},
    {file = "lxml-4.6.5-cp38-cp38-musllinux_1_1_x86_64.whl", hash = "sha256:af4139172ff0263d269abdcc641e944c9de4b5d660894a3ec7e9f9db63b56ac9"},
    {file = "lxml-4.6.5-cp38-cp38-win32.whl", hash = "sha256:57cf05466917e08f90e323f025b96f493f92c0344694f5702579ab4b7e2eb10d"},
    {file = "lxml-4.6.5-cp38-cp38-win_amd64.whl", hash = "sha256:4f415624cf8b065796649a5e4621773dc5c9ea574a944c76a7f8a6d3d2906b41"},
    {file = "lxml-4.6.5-cp39-cp39-macosx_10_14_x86_64.whl", hash = "sha256:7679bb6e4d9a3978a46ab19a3560e8d2b7265ef3c88152e7fdc130d649789887"},
    {file = "lxml-4.6.5-cp39-cp39-manylinux_2_12_i686.manylinux2010_i686.manylinux_2_24_i686.whl", hash = "sha256:c34234a1bc9e466c104372af74d11a9f98338a3f72fae22b80485171a64e0144"},
    {file = "lxml-4.6.5-cp39-cp39-manylinux_2_17_aarch64.manylinux2014_aarch64.manylinux_2_24_aarch64.whl", hash = "sha256:4b9390bf973e3907d967b75be199cf1978ca8443183cf1e78ad80ad8be9cf242"},
    {file = "lxml-4.6.5-cp39-cp39-manylinux_2_17_x86_64.manylinux2014_x86_64.manylinux_2_24_x86_64.whl", hash = "sha256:fcc849b28f584ed1dbf277291ded5c32bb3476a37032df4a1d523b55faa5f944"},
    {file = "lxml-4.6.5-cp39-cp39-manylinux_2_5_i686.manylinux1_i686.whl", hash = "sha256:46f21f2600d001af10e847df9eb3b832e8a439f696c04891bcb8a8cedd859af9"},
    {file = "lxml-4.6.5-cp39-cp39-manylinux_2_5_x86_64.manylinux1_x86_64.whl", hash = "sha256:99cf827f5a783038eb313beee6533dddb8bdb086d7269c5c144c1c952d142ace"},
    {file = "lxml-4.6.5-cp39-cp39-musllinux_1_1_x86_64.whl", hash = "sha256:925174cafb0f1179a7fd38da90302555d7445e34c9ece68019e53c946be7f542"},
    {file = "lxml-4.6.5-cp39-cp39-win32.whl", hash = "sha256:12d8d6fe3ddef629ac1349fa89a638b296a34b6529573f5055d1cb4e5245f73b"},
    {file = "lxml-4.6.5-cp39-cp39-win_amd64.whl", hash = "sha256:a52e8f317336a44836475e9c802f51c2dc38d612eaa76532cb1d17690338b63b"},
    {file = "lxml-4.6.5-pp37-pypy37_pp73-macosx_10_14_x86_64.whl", hash = "sha256:11ae552a78612620afd15625be9f1b82e3cc2e634f90d6b11709b10a100cba59"},
    {file = "lxml-4.6.5-pp37-pypy37_pp73-manylinux_2_12_i686.manylinux2010_i686.manylinux_2_24_i686.whl", hash = "sha256:473701599665d874919d05bb33b56180447b3a9da8d52d6d9799f381ce23f95c"},
    {file = "lxml-4.6.5-pp37-pypy37_pp73-manylinux_2_17_x86_64.manylinux2014_x86_64.manylinux_2_24_x86_64.whl", hash = "sha256:7f00cc64b49d2ef19ddae898a3def9dd8fda9c3d27c8a174c2889ee757918e71"},
    {file = "lxml-4.6.5-pp38-pypy38_pp73-macosx_10_14_x86_64.whl", hash = "sha256:73e8614258404b2689a26cb5d002512b8bc4dfa18aca86382f68f959aee9b0c8"},
    {file = "lxml-4.6.5-pp38-pypy38_pp73-manylinux_2_12_i686.manylinux2010_i686.manylinux_2_24_i686.whl", hash = "sha256:ff44de36772b05c2eb74f2b4b6d1ae29b8f41ed5506310ce1258d44826ee38c1"},
    {file = "lxml-4.6.5-pp38-pypy38_pp73-manylinux_2_17_x86_64.manylinux2014_x86_64.manylinux_2_24_x86_64.whl", hash = "sha256:5d5254c815c186744c8f922e2ce861a2bdeabc06520b4b30b2f7d9767791ce6e"},
    {file = "lxml-4.6.5.tar.gz", hash = "sha256:6e84edecc3a82f90d44ddee2ee2a2630d4994b8471816e226d2b771cda7ac4ca"},
]
mccabe = [
    {file = "mccabe-0.6.1-py2.py3-none-any.whl", hash = "sha256:ab8a6258860da4b6677da4bd2fe5dc2c659cff31b3ee4f7f5d64e79735b80d42"},
    {file = "mccabe-0.6.1.tar.gz", hash = "sha256:dd8d182285a0fe56bace7f45b5e7d1a6ebcbf524e8f3bd87eb0f125271b8831f"},
]
oauthlib = [
    {file = "oauthlib-3.1.0-py2.py3-none-any.whl", hash = "sha256:df884cd6cbe20e32633f1db1072e9356f53638e4361bef4e8b03c9127c9328ea"},
    {file = "oauthlib-3.1.0.tar.gz", hash = "sha256:bee41cc35fcca6e988463cacc3bcb8a96224f470ca547e697b604cc697b2f889"},
]
packaging = [
    {file = "packaging-20.9-py2.py3-none-any.whl", hash = "sha256:67714da7f7bc052e064859c05c595155bd1ee9f69f76557e21f051443c20947a"},
    {file = "packaging-20.9.tar.gz", hash = "sha256:5b327ac1320dc863dca72f4514ecc086f31186744b84a230374cc1fd776feae5"},
]
protobuf = [
    {file = "protobuf-3.15.5-cp27-cp27m-macosx_10_9_x86_64.whl", hash = "sha256:d26ed8dbdbe6b62cd24173c9ceb7588ae7831eec172ac002b095af091db01196"},
    {file = "protobuf-3.15.5-cp27-cp27mu-manylinux1_x86_64.whl", hash = "sha256:9133b39924485ae43c02fc8274e57e5aa1706ad0970de49c72cfb8c0854d5f89"},
    {file = "protobuf-3.15.5-cp35-cp35m-macosx_10_9_intel.whl", hash = "sha256:6bb44c15c98091e926a98362bff7fb24338bdf4001a6614834b8414c3b8593ee"},
    {file = "protobuf-3.15.5-cp35-cp35m-manylinux1_x86_64.whl", hash = "sha256:2d4cede5f2f2514df4a1eda1424a14d46daa5ea57963a1ea0fdab8d74ca2f9cd"},
    {file = "protobuf-3.15.5-cp35-cp35m-win32.whl", hash = "sha256:ab735b3a4342004afa60ff580ce2be0f2aa784f1f69ee7f08a23ef26d22d811d"},
    {file = "protobuf-3.15.5-cp35-cp35m-win_amd64.whl", hash = "sha256:a390e4bbb8232945fc8e4493c8b70949423a6dacee6f0353021b59c40b039e25"},
    {file = "protobuf-3.15.5-cp36-cp36m-macosx_10_9_x86_64.whl", hash = "sha256:dc7191b2e3361fdf2979e78a120a3a40e9d811318f6b2629036f53d9cb041c09"},
    {file = "protobuf-3.15.5-cp36-cp36m-manylinux1_x86_64.whl", hash = "sha256:762f6b9fb8025db34f762a860fd2b1473dfc84bcd0c3e4f396a695c83d733729"},
    {file = "protobuf-3.15.5-cp36-cp36m-win32.whl", hash = "sha256:d1aab4d0aed36f7873734a243b46786d407cfa1010fae886249db56a1493a057"},
    {file = "protobuf-3.15.5-cp36-cp36m-win_amd64.whl", hash = "sha256:119b4d308c87e833b6265b3922d5f5927e9d804605fcb1c1f771aa4d17e03591"},
    {file = "protobuf-3.15.5-cp37-cp37m-macosx_10_9_x86_64.whl", hash = "sha256:c5b37b117ef89431149883d9b867c341a01f835142864722534885dcc1db6b1b"},
    {file = "protobuf-3.15.5-cp37-cp37m-manylinux1_x86_64.whl", hash = "sha256:f75aa0483fec2e4208bd4be18da0e3d7161dc74c65b6d6108f5968a8fe53a8ce"},
    {file = "protobuf-3.15.5-cp37-cp37m-win32.whl", hash = "sha256:5d52d89e26adf0ba65193b6be39025c7766740ccc57fe9d10ddb709220b360d9"},
    {file = "protobuf-3.15.5-cp37-cp37m-win_amd64.whl", hash = "sha256:87b5bc2ff944810a918628fc1f45f766acab23e1fecb0634fcf86cda554b30c4"},
    {file = "protobuf-3.15.5-cp38-cp38-macosx_10_9_x86_64.whl", hash = "sha256:282385b8dd168b0f71f2ffca74c1fb39377f42217830ab492a0b64cbe14f86c1"},
    {file = "protobuf-3.15.5-cp38-cp38-manylinux1_x86_64.whl", hash = "sha256:9f4445f197f779cd5b37c9d5d4aeb0d1999c1df7d143a9bce21d03dac8dba205"},
    {file = "protobuf-3.15.5-cp39-cp39-macosx_10_9_x86_64.whl", hash = "sha256:ac7c7a2b271307787ccdc0a45278827f36f72aba5040eadefff129b869068797"},
    {file = "protobuf-3.15.5-cp39-cp39-manylinux1_x86_64.whl", hash = "sha256:8090b77f0791560b3c01263f6222006fe4c1d1d526539344afc4ecd9bd3e56f2"},
    {file = "protobuf-3.15.5-py2.py3-none-any.whl", hash = "sha256:dbb98adb4281684eb54ce1f003b574bbc5768b9f614d7faa2c56f30e18519ec7"},
    {file = "protobuf-3.15.5.tar.gz", hash = "sha256:be8a929c6178bb6cbe9e2c858be62fa08966a39ae758a8493a88f0ed1efb6097"},
]
pyasn1 = [
    {file = "pyasn1-0.4.8-py2.py3-none-any.whl", hash = "sha256:39c7e2ec30515947ff4e87fb6f456dfc6e84857d34be479c9d4a4ba4bf46aa5d"},
    {file = "pyasn1-0.4.8.tar.gz", hash = "sha256:aef77c9fb94a3ac588e87841208bdec464471d9871bd5050a287cc9a475cd0ba"},
]
pyasn1-modules = [
    {file = "pyasn1-modules-0.2.8.tar.gz", hash = "sha256:905f84c712230b2c592c19470d3ca8d552de726050d1d1716282a1f6146be65e"},
    {file = "pyasn1_modules-0.2.8-py2.py3-none-any.whl", hash = "sha256:a50b808ffeb97cb3601dd25981f6b016cbb3d31fbf57a8b8a87428e6158d0c74"},
]
pycoingecko = [
    {file = "pycoingecko-1.4.0-py3-none-any.whl", hash = "sha256:bc6e2d87a59bda88bd01a241b37d49c30104842534fdf65ba96616c90419d756"},
    {file = "pycoingecko-1.4.0.tar.gz", hash = "sha256:082949e83b49ab89090d19b88b6177c9458679dc4a98323db950bd4cef7afa2e"},
]
pygithub = [
    {file = "PyGithub-1.54.1-py3-none-any.whl", hash = "sha256:87afd6a67ea582aa7533afdbf41635725f13d12581faed7e3e04b1579c0c0627"},
    {file = "PyGithub-1.54.1.tar.gz", hash = "sha256:300bc16e62886ca6537b0830e8f516ea4bc3ef12d308e0c5aff8bdbd099173d4"},
]
pyjwt = [
    {file = "PyJWT-1.7.1-py2.py3-none-any.whl", hash = "sha256:5c6eca3c2940464d106b99ba83b00c6add741c9becaec087fb7ccdefea71350e"},
    {file = "PyJWT-1.7.1.tar.gz", hash = "sha256:8d59a976fb773f3e6a39c85636357c4f0e242707394cadadd9814f5cbaa20e96"},
]
pylint = [
    {file = "pylint-2.7.2-py3-none-any.whl", hash = "sha256:d09b0b07ba06bcdff463958f53f23df25e740ecd81895f7d2699ec04bbd8dc3b"},
    {file = "pylint-2.7.2.tar.gz", hash = "sha256:0e21d3b80b96740909d77206d741aa3ce0b06b41be375d92e1f3244a274c1f8a"},
]
pyparsing = [
    {file = "pyparsing-2.4.7-py2.py3-none-any.whl", hash = "sha256:ef9d7589ef3c200abe66653d3f1ab1033c3c419ae9b9bdb1240a85b024efc88b"},
    {file = "pyparsing-2.4.7.tar.gz", hash = "sha256:c203ec8783bf771a155b207279b9bccb8dea02d8f0c9e5f8ead507bc3246ecc1"},
]
pytz = [
    {file = "pytz-2021.1-py2.py3-none-any.whl", hash = "sha256:eb10ce3e7736052ed3623d49975ce333bcd712c7bb19a58b9e2089d4057d0798"},
    {file = "pytz-2021.1.tar.gz", hash = "sha256:83a4a90894bf38e243cf052c8b58f381bfe9a7a483f6a9cab140bc7f702ac4da"},
]
requests = [
    {file = "requests-2.25.1-py2.py3-none-any.whl", hash = "sha256:c210084e36a42ae6b9219e00e48287def368a26d03a048ddad7bfee44f75871e"},
    {file = "requests-2.25.1.tar.gz", hash = "sha256:27973dd4a904a4f13b263a19c866c13b92a39ed1c964655f025f3f8d3d75b804"},
]
requests-oauthlib = [
    {file = "requests-oauthlib-1.3.0.tar.gz", hash = "sha256:b4261601a71fd721a8bd6d7aa1cc1d6a8a93b4a9f5e96626f8e4d91e8beeaa6a"},
    {file = "requests_oauthlib-1.3.0-py2.py3-none-any.whl", hash = "sha256:7f71572defaecd16372f9006f33c2ec8c077c3cfa6f5911a9a90202beb513f3d"},
]
rsa = [
    {file = "rsa-4.7.2-py3-none-any.whl", hash = "sha256:78f9a9bf4e7be0c5ded4583326e7461e3a3c5aae24073648b4bdfa797d78c9d2"},
    {file = "rsa-4.7.2.tar.gz", hash = "sha256:9d689e6ca1b3038bc82bf8d23e944b6b6037bc02301a574935b2dd946e0353b9"},
]
setuptools = [
    {file = "setuptools-65.6.3-py3-none-any.whl", hash = "sha256:57f6f22bde4e042978bcd50176fdb381d7c21a9efa4041202288d3737a0c6a54"},
    {file = "setuptools-65.6.3.tar.gz", hash = "sha256:a7620757bf984b58deaf32fc8a4577a9bbc0850cf92c20e1ce41c38c19e5fb75"},
]
six = [
    {file = "six-1.15.0-py2.py3-none-any.whl", hash = "sha256:8b74bedcbbbaca38ff6d7491d76f2b06b3592611af620f8426e82dddb04a5ced"},
    {file = "six-1.15.0.tar.gz", hash = "sha256:30639c035cdb23534cd4aa2dd52c3bf48f06e5f4a941509c8bafd8ce11080259"},
]
soupsieve = [
    {file = "soupsieve-2.2-py3-none-any.whl", hash = "sha256:d3a5ea5b350423f47d07639f74475afedad48cf41c0ad7a82ca13a3928af34f6"},
    {file = "soupsieve-2.2.tar.gz", hash = "sha256:407fa1e8eb3458d1b5614df51d9651a1180ea5fedf07feb46e45d7e25e6d6cdd"},
]
toml = [
    {file = "toml-0.10.2-py2.py3-none-any.whl", hash = "sha256:806143ae5bfb6a3c6e736a764057db0e6a0e05e338b5630894a5f779cabb4f9b"},
    {file = "toml-0.10.2.tar.gz", hash = "sha256:b3bda1d108d5dd99f4a20d24d9c348e91c4db7ab1b749200bded2f839ccbe68f"},
]
uritemplate = [
    {file = "uritemplate-3.0.1-py2.py3-none-any.whl", hash = "sha256:07620c3f3f8eed1f12600845892b0e036a2420acf513c53f7de0abd911a5894f"},
    {file = "uritemplate-3.0.1.tar.gz", hash = "sha256:5af8ad10cec94f215e3f48112de2022e1d5a37ed427fbd88652fa908f2ab7cae"},
]
urllib3 = [
    {file = "urllib3-1.26.5-py2.py3-none-any.whl", hash = "sha256:753a0374df26658f99d826cfe40394a686d05985786d946fbe4165b5148f5a7c"},
    {file = "urllib3-1.26.5.tar.gz", hash = "sha256:a7acd0977125325f516bda9735fa7142b909a8d01e8b2e4c8108d0984e6e0098"},
]
wrapt = [
    {file = "wrapt-1.12.1.tar.gz", hash = "sha256:b62ffa81fb85f4332a4f609cab4ac40709470da05643a082ec1eb88e6d9b97d7"},
]
