[[package]]
name = "argparse"
version = "1.4.0"
description = "Python command-line parsing library"
category = "main"
optional = false
python-versions = "*"

[[package]]
name = "astroid"
version = "2.5.1"
description = "An abstract syntax tree for Python with inference support."
category = "main"
optional = false
python-versions = ">=3.6"

[package.dependencies]
lazy-object-proxy = ">=1.4.0"
wrapt = ">=1.11,<1.13"

[[package]]
name = "beautifulsoup4"
version = "4.9.3"
description = "Screen-scraping library"
category = "main"
optional = false
python-versions = "*"

[package.dependencies]
soupsieve = {version = ">1.2", markers = "python_version >= \"3.0\""}

[package.extras]
html5lib = ["html5lib"]
lxml = ["lxml"]

[[package]]
name = "cachetools"
version = "4.2.1"
description = "Extensible memoizing collections and decorators"
category = "main"
optional = false
python-versions = "~=3.5"

[[package]]
name = "certifi"
version = "2020.12.5"
description = "Python package for providing Mozilla's CA Bundle."
category = "main"
optional = false
python-versions = "*"

[[package]]
name = "chardet"
version = "4.0.0"
description = "Universal encoding detector for Python 2 and 3"
category = "main"
optional = false
python-versions = ">=2.7, !=3.0.*, !=3.1.*, !=3.2.*, !=3.3.*, !=3.4.*"

[[package]]
name = "colorama"
version = "0.4.4"
description = "Cross-platform colored terminal text."
category = "main"
optional = false
python-versions = ">=2.7, !=3.0.*, !=3.1.*, !=3.2.*, !=3.3.*, !=3.4.*"

[[package]]
name = "deprecated"
version = "1.2.11"
description = "Python @deprecated decorator to deprecate old python classes, functions or methods."
category = "main"
optional = false
python-versions = ">=2.7, !=3.0.*, !=3.1.*, !=3.2.*, !=3.3.*"

[package.dependencies]
wrapt = ">=1.10,<2"

[package.extras]
dev = ["tox", "bump2version (<1)", "sphinx (<2)", "importlib-metadata (<3)", "importlib-resources (<4)", "configparser (<5)", "sphinxcontrib-websupport (<2)", "zipp (<2)", "PyTest (<5)", "PyTest-Cov (<2.6)", "pytest", "pytest-cov"]

[[package]]
name = "google-api-core"
version = "1.26.1"
description = "Google API client core library"
category = "main"
optional = false
python-versions = ">=2.7,!=3.0.*,!=3.1.*,!=3.2.*,!=3.3.*,!=3.4.*,!=3.5.*"

[package.dependencies]
google-auth = ">=1.21.1,<2.0dev"
googleapis-common-protos = ">=1.6.0,<2.0dev"
packaging = ">=14.3"
protobuf = ">=3.12.0"
pytz = "*"
requests = ">=2.18.0,<3.0.0dev"
six = ">=1.13.0"

[package.extras]
grpc = ["grpcio (>=1.29.0,<2.0dev)"]
grpcgcp = ["grpcio-gcp (>=0.2.2)"]
grpcio-gcp = ["grpcio-gcp (>=0.2.2)"]

[[package]]
name = "google-api-python-client"
version = "2.0.2"
description = "Google API Client Library for Python"
category = "main"
optional = false
python-versions = ">=3.6"

[package.dependencies]
google-api-core = ">=1.21.0,<2dev"
google-auth = ">=1.16.0,<2dev"
google-auth-httplib2 = ">=0.0.3"
httplib2 = ">=0.15.0,<1dev"
six = ">=1.13.0,<2dev"
uritemplate = ">=3.0.0,<4dev"

[[package]]
name = "google-auth"
version = "1.27.1"
description = "Google Authentication Library"
category = "main"
optional = false
python-versions = ">=2.7,!=3.0.*,!=3.1.*,!=3.2.*,!=3.3.*,!=3.4.*,!=3.5.*"

[package.dependencies]
cachetools = ">=2.0.0,<5.0"
pyasn1-modules = ">=0.2.1"
rsa = {version = ">=3.1.4,<5", markers = "python_version >= \"3.6\""}
six = ">=1.9.0"

[package.extras]
aiohttp = ["aiohttp (>=3.6.2,<4.0.0dev)"]
pyopenssl = ["pyopenssl (>=20.0.0)"]

[[package]]
name = "google-auth-httplib2"
version = "0.1.0"
description = "Google Authentication Library: httplib2 transport"
category = "main"
optional = false
python-versions = "*"

[package.dependencies]
google-auth = "*"
httplib2 = ">=0.15.0"
six = "*"

[[package]]
name = "google-auth-oauthlib"
version = "0.4.3"
description = "Google Authentication Library"
category = "main"
optional = false
python-versions = ">=3.6"

[package.dependencies]
google-auth = ">=1.0.0"
requests-oauthlib = ">=0.7.0"

[package.extras]
tool = ["click (>=6.0.0)"]

[[package]]
name = "googleapis-common-protos"
version = "1.53.0"
description = "Common protobufs used in Google APIs"
category = "main"
optional = false
python-versions = ">=3.6"

[package.dependencies]
protobuf = ">=3.12.0"

[package.extras]
grpc = ["grpcio (>=1.0.0)"]

[[package]]
name = "httplib2"
version = "0.19.0"
description = "A comprehensive HTTP client library."
category = "main"
optional = false
python-versions = "*"

[package.dependencies]
pyparsing = ">=2.4.2,<3"

[[package]]
name = "idna"
version = "2.10"
description = "Internationalized Domain Names in Applications (IDNA)"
category = "main"
optional = false
python-versions = ">=2.7, !=3.0.*, !=3.1.*, !=3.2.*, !=3.3.*"

[[package]]
name = "isort"
version = "5.7.0"
description = "A Python utility / library to sort Python imports."
category = "main"
optional = false
python-versions = ">=3.6,<4.0"

[package.extras]
pipfile_deprecated_finder = ["pipreqs", "requirementslib"]
requirements_deprecated_finder = ["pipreqs", "pip-api"]
colors = ["colorama (>=0.4.3,<0.5.0)"]

[[package]]
name = "lazy-object-proxy"
version = "1.5.2"
description = "A fast and thorough lazy object proxy."
category = "main"
optional = false
python-versions = ">=2.7, !=3.0.*, !=3.1.*, !=3.2.*, !=3.3.*, !=3.4.*"

[[package]]
name = "lxml"
version = "4.9.1"
description = "Powerful and Pythonic XML processing library combining libxml2/libxslt with the ElementTree API."
category = "main"
optional = false
python-versions = ">=2.7, !=3.0.*, !=3.1.*, !=3.2.*, !=3.3.*, != 3.4.*"

[package.extras]
cssselect = ["cssselect (>=0.7)"]
html5 = ["html5lib"]
htmlsoup = ["beautifulsoup4"]
source = ["Cython (>=0.29.7)"]

[[package]]
name = "mccabe"
version = "0.6.1"
description = "McCabe checker, plugin for flake8"
category = "main"
optional = false
python-versions = "*"

[[package]]
name = "oauthlib"
version = "3.1.0"
description = "A generic, spec-compliant, thorough implementation of the OAuth request-signing logic"
category = "main"
optional = false
python-versions = ">=2.7, !=3.0.*, !=3.1.*, !=3.2.*, !=3.3.*"

[package.extras]
rsa = ["cryptography"]
signals = ["blinker"]
signedtoken = ["cryptography", "pyjwt (>=1.0.0)"]

[[package]]
name = "packaging"
version = "20.9"
description = "Core utilities for Python packages"
category = "main"
optional = false
python-versions = ">=2.7, !=3.0.*, !=3.1.*, !=3.2.*, !=3.3.*"

[package.dependencies]
pyparsing = ">=2.0.2"

[[package]]
name = "protobuf"
version = "3.15.5"
description = "Protocol Buffers"
category = "main"
optional = false
python-versions = "*"

[package.dependencies]
six = ">=1.9"

[[package]]
name = "pyasn1"
version = "0.4.8"
description = "ASN.1 types and codecs"
category = "main"
optional = false
python-versions = "*"

[[package]]
name = "pyasn1-modules"
version = "0.2.8"
description = "A collection of ASN.1-based protocols modules."
category = "main"
optional = false
python-versions = "*"

[package.dependencies]
pyasn1 = ">=0.4.6,<0.5.0"

[[package]]
name = "pycoingecko"
version = "1.4.0"
description = "Python wrapper around the CoinGecko API"
category = "main"
optional = false
python-versions = "*"

[package.dependencies]
requests = "*"

[[package]]
name = "pygithub"
version = "1.54.1"
description = "Use the full Github API v3"
category = "main"
optional = false
python-versions = ">=3.6"

[package.dependencies]
deprecated = "*"
pyjwt = "<2.0"
requests = ">=2.14.0"

[package.extras]
integrations = ["cryptography"]

[[package]]
name = "pyjwt"
version = "1.7.1"
description = "JSON Web Token implementation in Python"
category = "main"
optional = false
python-versions = "*"

[package.extras]
crypto = ["cryptography (>=1.4)"]
flake8 = ["flake8", "flake8-import-order", "pep8-naming"]
test = ["pytest (>=4.0.1,<5.0.0)", "pytest-cov (>=2.6.0,<3.0.0)", "pytest-runner (>=4.2,<5.0.0)"]

[[package]]
name = "pylint"
version = "2.7.2"
description = "python code static checker"
category = "main"
optional = false
python-versions = "~=3.6"

[package.dependencies]
astroid = ">=2.5.1,<2.6"
colorama = {version = "*", markers = "sys_platform == \"win32\""}
isort = ">=4.2.5,<6"
mccabe = ">=0.6,<0.7"
toml = ">=0.7.1"

[package.extras]
docs = ["sphinx (==3.5.1)", "python-docs-theme (==2020.12)"]

[[package]]
name = "pyparsing"
version = "2.4.7"
description = "Python parsing module"
category = "main"
optional = false
python-versions = ">=2.6, !=3.0.*, !=3.1.*, !=3.2.*"

[[package]]
name = "pytz"
version = "2021.1"
description = "World timezone definitions, modern and historical"
category = "main"
optional = false
python-versions = "*"

[[package]]
name = "requests"
version = "2.25.1"
description = "Python HTTP for Humans."
category = "main"
optional = false
python-versions = ">=2.7, !=3.0.*, !=3.1.*, !=3.2.*, !=3.3.*, !=3.4.*"

[package.dependencies]
certifi = ">=2017.4.17"
chardet = ">=3.0.2,<5"
idna = ">=2.5,<3"
urllib3 = ">=1.21.1,<1.27"

[package.extras]
security = ["pyOpenSSL (>=0.14)", "cryptography (>=1.3.4)"]
socks = ["PySocks (>=1.5.6,!=1.5.7)", "win-inet-pton"]

[[package]]
name = "requests-oauthlib"
version = "1.3.0"
description = "OAuthlib authentication support for Requests."
category = "main"
optional = false
python-versions = ">=2.7, !=3.0.*, !=3.1.*, !=3.2.*, !=3.3.*"

[package.dependencies]
oauthlib = ">=3.0.0"
requests = ">=2.0.0"

[package.extras]
rsa = ["oauthlib[signedtoken] (>=3.0.0)"]

[[package]]
name = "rsa"
version = "4.7.2"
description = "Pure-Python RSA implementation"
category = "main"
optional = false
python-versions = ">=3.5, <4"

[package.dependencies]
pyasn1 = ">=0.1.3"

[[package]]
name = "six"
version = "1.15.0"
description = "Python 2 and 3 compatibility utilities"
category = "main"
optional = false
python-versions = ">=2.7, !=3.0.*, !=3.1.*, !=3.2.*"

[[package]]
name = "soupsieve"
version = "2.2"
description = "A modern CSS selector implementation for Beautiful Soup."
category = "main"
optional = false
python-versions = ">=3.6"

[[package]]
name = "toml"
version = "0.10.2"
description = "Python Library for Tom's Obvious, Minimal Language"
category = "main"
optional = false
python-versions = ">=2.6, !=3.0.*, !=3.1.*, !=3.2.*"

[[package]]
name = "uritemplate"
version = "3.0.1"
description = "URI templates"
category = "main"
optional = false
python-versions = ">=2.7, !=3.0.*, !=3.1.*, !=3.2.*, !=3.3.*"

[[package]]
name = "urllib3"
version = "1.26.5"
description = "HTTP library with thread-safe connection pooling, file post, and more."
category = "main"
optional = false
python-versions = ">=2.7, !=3.0.*, !=3.1.*, !=3.2.*, !=3.3.*, !=3.4.*, <4"

[package.extras]
brotli = ["brotlipy (>=0.6.0)"]
secure = ["pyOpenSSL (>=0.14)", "cryptography (>=1.3.4)", "idna (>=2.0.0)", "certifi", "ipaddress"]
socks = ["PySocks (>=1.5.6,!=1.5.7,<2.0)"]

[[package]]
name = "wrapt"
version = "1.12.1"
description = "Module for decorators, wrappers and monkey patching."
category = "main"
optional = false
python-versions = "*"

[metadata]
lock-version = "1.1"
python-versions = "^3.8"
content-hash = "dceba5c00cc56cfb89a6443d770a2bc901f0c9673a20177ba3c568e8d5955766"

[metadata.files]
argparse = [
    {file = "argparse-1.4.0-py2.py3-none-any.whl", hash = "sha256:c31647edb69fd3d465a847ea3157d37bed1f95f19760b11a47aa91c04b666314"},
    {file = "argparse-1.4.0.tar.gz", hash = "sha256:62b089a55be1d8949cd2bc7e0df0bddb9e028faefc8c32038cc84862aefdd6e4"},
]
astroid = [
    {file = "astroid-2.5.1-py3-none-any.whl", hash = "sha256:21d735aab248253531bb0f1e1e6d068f0ee23533e18ae8a6171ff892b98297cf"},
    {file = "astroid-2.5.1.tar.gz", hash = "sha256:cfc35498ee64017be059ceffab0a25bedf7548ab76f2bea691c5565896e7128d"},
]
beautifulsoup4 = [
    {file = "beautifulsoup4-4.9.3-py2-none-any.whl", hash = "sha256:4c98143716ef1cb40bf7f39a8e3eec8f8b009509e74904ba3a7b315431577e35"},
    {file = "beautifulsoup4-4.9.3-py3-none-any.whl", hash = "sha256:fff47e031e34ec82bf17e00da8f592fe7de69aeea38be00523c04623c04fb666"},
    {file = "beautifulsoup4-4.9.3.tar.gz", hash = "sha256:84729e322ad1d5b4d25f805bfa05b902dd96450f43842c4e99067d5e1369eb25"},
]
cachetools = [
    {file = "cachetools-4.2.1-py3-none-any.whl", hash = "sha256:1d9d5f567be80f7c07d765e21b814326d78c61eb0c3a637dffc0e5d1796cb2e2"},
    {file = "cachetools-4.2.1.tar.gz", hash = "sha256:f469e29e7aa4cff64d8de4aad95ce76de8ea1125a16c68e0d93f65c3c3dc92e9"},
]
certifi = [
    {file = "certifi-2020.12.5-py2.py3-none-any.whl", hash = "sha256:719a74fb9e33b9bd44cc7f3a8d94bc35e4049deebe19ba7d8e108280cfd59830"},
    {file = "certifi-2020.12.5.tar.gz", hash = "sha256:1a4995114262bffbc2413b159f2a1a480c969de6e6eb13ee966d470af86af59c"},
]
chardet = [
    {file = "chardet-4.0.0-py2.py3-none-any.whl", hash = "sha256:f864054d66fd9118f2e67044ac8981a54775ec5b67aed0441892edb553d21da5"},
    {file = "chardet-4.0.0.tar.gz", hash = "sha256:0d6f53a15db4120f2b08c94f11e7d93d2c911ee118b6b30a04ec3ee8310179fa"},
]
colorama = [
    {file = "colorama-0.4.4-py2.py3-none-any.whl", hash = "sha256:9f47eda37229f68eee03b24b9748937c7dc3868f906e8ba69fbcbdd3bc5dc3e2"},
    {file = "colorama-0.4.4.tar.gz", hash = "sha256:5941b2b48a20143d2267e95b1c2a7603ce057ee39fd88e7329b0c292aa16869b"},
]
deprecated = [
    {file = "Deprecated-1.2.11-py2.py3-none-any.whl", hash = "sha256:924b6921f822b64ec54f49be6700a126bab0640cfafca78f22c9d429ed590560"},
    {file = "Deprecated-1.2.11.tar.gz", hash = "sha256:471ec32b2755172046e28102cd46c481f21c6036a0ec027521eba8521aa4ef35"},
]
google-api-core = [
    {file = "google-api-core-1.26.1.tar.gz", hash = "sha256:23b0df512c4cc8729793f8992edb350e3211f5fd0ec007afb1599864b421beef"},
    {file = "google_api_core-1.26.1-py2.py3-none-any.whl", hash = "sha256:c383206f0f87545d3e658c4f8dc3b18a8457610fdbd791a15757c5b42d1e0e7f"},
]
google-api-python-client = [
    {file = "google-api-python-client-2.0.2.tar.gz", hash = "sha256:48686cceb0dc8cb8b9ee1920ad7c0d9b499ef4fca0ca51c1c69f1e462a628011"},
    {file = "google_api_python_client-2.0.2-py2.py3-none-any.whl", hash = "sha256:b665afbb38df357222bac695e76f2ceb3c42346bfbfb64146061285e175c38d8"},
]
google-auth = [
    {file = "google-auth-1.27.1.tar.gz", hash = "sha256:d8958af6968e4ecd599f82357ebcfeb126f826ed0656126ad68416f810f7531e"},
    {file = "google_auth-1.27.1-py2.py3-none-any.whl", hash = "sha256:63a5636d7eacfe6ef5b7e36e112b3149fa1c5b5ad77dd6df54910459bcd6b89f"},
]
google-auth-httplib2 = [
    {file = "google-auth-httplib2-0.1.0.tar.gz", hash = "sha256:a07c39fd632becacd3f07718dfd6021bf396978f03ad3ce4321d060015cc30ac"},
    {file = "google_auth_httplib2-0.1.0-py2.py3-none-any.whl", hash = "sha256:31e49c36c6b5643b57e82617cb3e021e3e1d2df9da63af67252c02fa9c1f4a10"},
]
google-auth-oauthlib = [
    {file = "google-auth-oauthlib-0.4.3.tar.gz", hash = "sha256:54431535309cfab50897d9c181e8c2226268825aa6e42e930b05b99c5041a18c"},
    {file = "google_auth_oauthlib-0.4.3-py2.py3-none-any.whl", hash = "sha256:dabffbf594a6be2fd6d054060846d1201569252efb10dfb749b504a7591f8af0"},
]
googleapis-common-protos = [
    {file = "googleapis-common-protos-1.53.0.tar.gz", hash = "sha256:a88ee8903aa0a81f6c3cec2d5cf62d3c8aa67c06439b0496b49048fb1854ebf4"},
    {file = "googleapis_common_protos-1.53.0-py2.py3-none-any.whl", hash = "sha256:f6d561ab8fb16b30020b940e2dd01cd80082f4762fa9f3ee670f4419b4b8dbd0"},
]
httplib2 = [
    {file = "httplib2-0.19.0-py3-none-any.whl", hash = "sha256:749c32603f9bf16c1277f59531d502e8f1c2ca19901ae653b49c4ed698f0820e"},
    {file = "httplib2-0.19.0.tar.gz", hash = "sha256:e0d428dad43c72dbce7d163b7753ffc7a39c097e6788ef10f4198db69b92f08e"},
]
idna = [
    {file = "idna-2.10-py2.py3-none-any.whl", hash = "sha256:b97d804b1e9b523befed77c48dacec60e6dcb0b5391d57af6a65a312a90648c0"},
    {file = "idna-2.10.tar.gz", hash = "sha256:b307872f855b18632ce0c21c5e45be78c0ea7ae4c15c828c20788b26921eb3f6"},
]
isort = [
    {file = "isort-5.7.0-py3-none-any.whl", hash = "sha256:fff4f0c04e1825522ce6949973e83110a6e907750cd92d128b0d14aaaadbffdc"},
    {file = "isort-5.7.0.tar.gz", hash = "sha256:c729845434366216d320e936b8ad6f9d681aab72dc7cbc2d51bedc3582f3ad1e"},
]
lazy-object-proxy = [
    {file = "lazy-object-proxy-1.5.2.tar.gz", hash = "sha256:5944a9b95e97de1980c65f03b79b356f30a43de48682b8bdd90aa5089f0ec1f4"},
    {file = "lazy_object_proxy-1.5.2-cp27-cp27m-macosx_10_14_x86_64.whl", hash = "sha256:e960e8be509e8d6d618300a6c189555c24efde63e85acaf0b14b2cd1ac743315"},
    {file = "lazy_object_proxy-1.5.2-cp27-cp27mu-manylinux1_x86_64.whl", hash = "sha256:522b7c94b524389f4a4094c4bf04c2b02228454ddd17c1a9b2801fac1d754871"},
    {file = "lazy_object_proxy-1.5.2-cp35-cp35m-manylinux1_x86_64.whl", hash = "sha256:3782931963dc89e0e9a0ae4348b44762e868ea280e4f8c233b537852a8996ab9"},
    {file = "lazy_object_proxy-1.5.2-cp35-cp35m-manylinux2014_aarch64.whl", hash = "sha256:429c4d1862f3fc37cd56304d880f2eae5bd0da83bdef889f3bd66458aac49128"},
    {file = "lazy_object_proxy-1.5.2-cp35-cp35m-win32.whl", hash = "sha256:cd1bdace1a8762534e9a36c073cd54e97d517a17d69a17985961265be6d22847"},
    {file = "lazy_object_proxy-1.5.2-cp35-cp35m-win_amd64.whl", hash = "sha256:ddbdcd10eb999d7ab292677f588b658372aadb9a52790f82484a37127a390108"},
    {file = "lazy_object_proxy-1.5.2-cp36-cp36m-manylinux1_x86_64.whl", hash = "sha256:ecb5dd5990cec6e7f5c9c1124a37cb2c710c6d69b0c1a5c4aa4b35eba0ada068"},
    {file = "lazy_object_proxy-1.5.2-cp36-cp36m-manylinux2014_aarch64.whl", hash = "sha256:b6577f15d5516d7d209c1a8cde23062c0f10625f19e8dc9fb59268859778d7d7"},
    {file = "lazy_object_proxy-1.5.2-cp36-cp36m-win32.whl", hash = "sha256:c8fe2d6ff0ff583784039d0255ea7da076efd08507f2be6f68583b0da32e3afb"},
    {file = "lazy_object_proxy-1.5.2-cp36-cp36m-win_amd64.whl", hash = "sha256:fa5b2dee0e231fa4ad117be114251bdfe6afe39213bd629d43deb117b6a6c40a"},
    {file = "lazy_object_proxy-1.5.2-cp37-cp37m-manylinux1_x86_64.whl", hash = "sha256:1d33d6f789697f401b75ce08e73b1de567b947740f768376631079290118ad39"},
    {file = "lazy_object_proxy-1.5.2-cp37-cp37m-manylinux2014_aarch64.whl", hash = "sha256:57fb5c5504ddd45ed420b5b6461a78f58cbb0c1b0cbd9cd5a43ad30a4a3ee4d0"},
    {file = "lazy_object_proxy-1.5.2-cp37-cp37m-win32.whl", hash = "sha256:e7273c64bccfd9310e9601b8f4511d84730239516bada26a0c9846c9697617ef"},
    {file = "lazy_object_proxy-1.5.2-cp37-cp37m-win_amd64.whl", hash = "sha256:6f4e5e68b7af950ed7fdb594b3f19a0014a3ace0fedb86acb896e140ffb24302"},
    {file = "lazy_object_proxy-1.5.2-cp38-cp38-manylinux1_x86_64.whl", hash = "sha256:cadfa2c2cf54d35d13dc8d231253b7985b97d629ab9ca6e7d672c35539d38163"},
    {file = "lazy_object_proxy-1.5.2-cp38-cp38-manylinux2014_aarch64.whl", hash = "sha256:e7428977763150b4cf83255625a80a23dfdc94d43be7791ce90799d446b4e26f"},
    {file = "lazy_object_proxy-1.5.2-cp38-cp38-win32.whl", hash = "sha256:2f2de8f8ac0be3e40d17730e0600619d35c78c13a099ea91ef7fb4ad944ce694"},
    {file = "lazy_object_proxy-1.5.2-cp38-cp38-win_amd64.whl", hash = "sha256:38c3865bd220bd983fcaa9aa11462619e84a71233bafd9c880f7b1cb753ca7fa"},
    {file = "lazy_object_proxy-1.5.2-cp39-cp39-macosx_10_14_x86_64.whl", hash = "sha256:8a44e9901c0555f95ac401377032f6e6af66d8fc1fbfad77a7a8b1a826e0b93c"},
    {file = "lazy_object_proxy-1.5.2-cp39-cp39-manylinux1_x86_64.whl", hash = "sha256:fa7fb7973c622b9e725bee1db569d2c2ee64d2f9a089201c5e8185d482c7352d"},
    {file = "lazy_object_proxy-1.5.2-cp39-cp39-manylinux2014_aarch64.whl", hash = "sha256:71a1ef23f22fa8437974b2d60fedb947c99a957ad625f83f43fd3de70f77f458"},
    {file = "lazy_object_proxy-1.5.2-cp39-cp39-win32.whl", hash = "sha256:ef3f5e288aa57b73b034ce9c1f1ac753d968f9069cd0742d1d69c698a0167166"},
    {file = "lazy_object_proxy-1.5.2-cp39-cp39-win_amd64.whl", hash = "sha256:37d9c34b96cca6787fe014aeb651217944a967a5b165e2cacb6b858d2997ab84"},
]
lxml = [
    {file = "lxml-4.9.1-cp27-cp27m-macosx_10_15_x86_64.whl", hash = "sha256:98cafc618614d72b02185ac583c6f7796202062c41d2eeecdf07820bad3295ed"},
    {file = "lxml-4.9.1-cp27-cp27m-manylinux_2_5_i686.manylinux1_i686.whl", hash = "sha256:c62e8dd9754b7debda0c5ba59d34509c4688f853588d75b53c3791983faa96fc"},
    {file = "lxml-4.9.1-cp27-cp27m-manylinux_2_5_x86_64.manylinux1_x86_64.whl", hash = "sha256:21fb3d24ab430fc538a96e9fbb9b150029914805d551deeac7d7822f64631dfc"},
    {file = "lxml-4.9.1-cp27-cp27m-win32.whl", hash = "sha256:86e92728ef3fc842c50a5cb1d5ba2bc66db7da08a7af53fb3da79e202d1b2cd3"},
    {file = "lxml-4.9.1-cp27-cp27m-win_amd64.whl", hash = "sha256:4cfbe42c686f33944e12f45a27d25a492cc0e43e1dc1da5d6a87cbcaf2e95627"},
    {file = "lxml-4.9.1-cp27-cp27mu-manylinux_2_5_i686.manylinux1_i686.whl", hash = "sha256:dad7b164905d3e534883281c050180afcf1e230c3d4a54e8038aa5cfcf312b84"},
    {file = "lxml-4.9.1-cp27-cp27mu-manylinux_2_5_x86_64.manylinux1_x86_64.whl", hash = "sha256:a614e4afed58c14254e67862456d212c4dcceebab2eaa44d627c2ca04bf86837"},
    {file = "lxml-4.9.1-cp310-cp310-manylinux_2_12_i686.manylinux2010_i686.manylinux_2_24_i686.whl", hash = "sha256:f9ced82717c7ec65a67667bb05865ffe38af0e835cdd78728f1209c8fffe0cad"},
    {file = "lxml-4.9.1-cp310-cp310-manylinux_2_17_aarch64.manylinux2014_aarch64.manylinux_2_24_aarch64.whl", hash = "sha256:d9fc0bf3ff86c17348dfc5d322f627d78273eba545db865c3cd14b3f19e57fa5"},
    {file = "lxml-4.9.1-cp310-cp310-manylinux_2_17_x86_64.manylinux2014_x86_64.manylinux_2_24_x86_64.whl", hash = "sha256:e5f66bdf0976ec667fc4594d2812a00b07ed14d1b44259d19a41ae3fff99f2b8"},
    {file = "lxml-4.9.1-cp310-cp310-musllinux_1_1_aarch64.whl", hash = "sha256:fe17d10b97fdf58155f858606bddb4e037b805a60ae023c009f760d8361a4eb8"},
    {file = "lxml-4.9.1-cp310-cp310-musllinux_1_1_x86_64.whl", hash = "sha256:8caf4d16b31961e964c62194ea3e26a0e9561cdf72eecb1781458b67ec83423d"},
    {file = "lxml-4.9.1-cp310-cp310-win32.whl", hash = "sha256:4780677767dd52b99f0af1f123bc2c22873d30b474aa0e2fc3fe5e02217687c7"},
    {file = "lxml-4.9.1-cp310-cp310-win_amd64.whl", hash = "sha256:b122a188cd292c4d2fcd78d04f863b789ef43aa129b233d7c9004de08693728b"},
    {file = "lxml-4.9.1-cp311-cp311-manylinux_2_12_i686.manylinux2010_i686.manylinux_2_24_i686.whl", hash = "sha256:be9eb06489bc975c38706902cbc6888f39e946b81383abc2838d186f0e8b6a9d"},
    {file = "lxml-4.9.1-cp311-cp311-manylinux_2_17_x86_64.manylinux2014_x86_64.manylinux_2_24_x86_64.whl", hash = "sha256:f1be258c4d3dc609e654a1dc59d37b17d7fef05df912c01fc2e15eb43a9735f3"},
    {file = "lxml-4.9.1-cp311-cp311-musllinux_1_1_x86_64.whl", hash = "sha256:927a9dd016d6033bc12e0bf5dee1dde140235fc8d0d51099353c76081c03dc29"},
    {file = "lxml-4.9.1-cp35-cp35m-manylinux_2_5_i686.manylinux1_i686.whl", hash = "sha256:9232b09f5efee6a495a99ae6824881940d6447debe272ea400c02e3b68aad85d"},
    {file = "lxml-4.9.1-cp35-cp35m-manylinux_2_5_x86_64.manylinux1_x86_64.whl", hash = "sha256:04da965dfebb5dac2619cb90fcf93efdb35b3c6994fea58a157a834f2f94b318"},
    {file = "lxml-4.9.1-cp35-cp35m-win32.whl", hash = "sha256:4d5bae0a37af799207140652a700f21a85946f107a199bcb06720b13a4f1f0b7"},
    {file = "lxml-4.9.1-cp35-cp35m-win_amd64.whl", hash = "sha256:4878e667ebabe9b65e785ac8da4d48886fe81193a84bbe49f12acff8f7a383a4"},
    {file = "lxml-4.9.1-cp36-cp36m-macosx_10_15_x86_64.whl", hash = "sha256:1355755b62c28950f9ce123c7a41460ed9743c699905cbe664a5bcc5c9c7c7fb"},
    {file = "lxml-4.9.1-cp36-cp36m-manylinux_2_12_i686.manylinux2010_i686.manylinux_2_24_i686.whl", hash = "sha256:bcaa1c495ce623966d9fc8a187da80082334236a2a1c7e141763ffaf7a405067"},
    {file = "lxml-4.9.1-cp36-cp36m-manylinux_2_17_aarch64.manylinux2014_aarch64.whl", hash = "sha256:6eafc048ea3f1b3c136c71a86db393be36b5b3d9c87b1c25204e7d397cee9536"},
    {file = "lxml-4.9.1-cp36-cp36m-manylinux_2_17_x86_64.manylinux2014_x86_64.manylinux_2_24_x86_64.whl", hash = "sha256:13c90064b224e10c14dcdf8086688d3f0e612db53766e7478d7754703295c7c8"},
    {file = "lxml-4.9.1-cp36-cp36m-manylinux_2_5_i686.manylinux1_i686.whl", hash = "sha256:206a51077773c6c5d2ce1991327cda719063a47adc02bd703c56a662cdb6c58b"},
    {file = "lxml-4.9.1-cp36-cp36m-manylinux_2_5_x86_64.manylinux1_x86_64.whl", hash = "sha256:e8f0c9d65da595cfe91713bc1222af9ecabd37971762cb830dea2fc3b3bb2acf"},
    {file = "lxml-4.9.1-cp36-cp36m-musllinux_1_1_aarch64.whl", hash = "sha256:8f0a4d179c9a941eb80c3a63cdb495e539e064f8054230844dcf2fcb812b71d3"},
    {file = "lxml-4.9.1-cp36-cp36m-musllinux_1_1_x86_64.whl", hash = "sha256:830c88747dce8a3e7525defa68afd742b4580df6aa2fdd6f0855481e3994d391"},
    {file = "lxml-4.9.1-cp36-cp36m-win32.whl", hash = "sha256:1e1cf47774373777936c5aabad489fef7b1c087dcd1f426b621fda9dcc12994e"},
    {file = "lxml-4.9.1-cp36-cp36m-win_amd64.whl", hash = "sha256:5974895115737a74a00b321e339b9c3f45c20275d226398ae79ac008d908bff7"},
    {file = "lxml-4.9.1-cp37-cp37m-macosx_10_15_x86_64.whl", hash = "sha256:1423631e3d51008871299525b541413c9b6c6423593e89f9c4cfbe8460afc0a2"},
    {file = "lxml-4.9.1-cp37-cp37m-manylinux_2_12_i686.manylinux2010_i686.manylinux_2_24_i686.whl", hash = "sha256:2aaf6a0a6465d39b5ca69688fce82d20088c1838534982996ec46633dc7ad6cc"},
    {file = "lxml-4.9.1-cp37-cp37m-manylinux_2_17_aarch64.manylinux2014_aarch64.manylinux_2_24_aarch64.whl", hash = "sha256:9f36de4cd0c262dd9927886cc2305aa3f2210db437aa4fed3fb4940b8bf4592c"},
    {file = "lxml-4.9.1-cp37-cp37m-manylinux_2_17_x86_64.manylinux2014_x86_64.manylinux_2_24_x86_64.whl", hash = "sha256:ae06c1e4bc60ee076292e582a7512f304abdf6c70db59b56745cca1684f875a4"},
    {file = "lxml-4.9.1-cp37-cp37m-manylinux_2_5_i686.manylinux1_i686.whl", hash = "sha256:57e4d637258703d14171b54203fd6822fda218c6c2658a7d30816b10995f29f3"},
    {file = "lxml-4.9.1-cp37-cp37m-manylinux_2_5_x86_64.manylinux1_x86_64.whl", hash = "sha256:6d279033bf614953c3fc4a0aa9ac33a21e8044ca72d4fa8b9273fe75359d5cca"},
    {file = "lxml-4.9.1-cp37-cp37m-musllinux_1_1_aarch64.whl", hash = "sha256:a60f90bba4c37962cbf210f0188ecca87daafdf60271f4c6948606e4dabf8785"},
    {file = "lxml-4.9.1-cp37-cp37m-musllinux_1_1_x86_64.whl", hash = "sha256:6ca2264f341dd81e41f3fffecec6e446aa2121e0b8d026fb5130e02de1402785"},
    {file = "lxml-4.9.1-cp37-cp37m-win32.whl", hash = "sha256:27e590352c76156f50f538dbcebd1925317a0f70540f7dc8c97d2931c595783a"},
    {file = "lxml-4.9.1-cp37-cp37m-win_amd64.whl", hash = "sha256:eea5d6443b093e1545ad0210e6cf27f920482bfcf5c77cdc8596aec73523bb7e"},
    {file = "lxml-4.9.1-cp38-cp38-macosx_10_15_x86_64.whl", hash = "sha256:f05251bbc2145349b8d0b77c0d4e5f3b228418807b1ee27cefb11f69ed3d233b"},
    {file = "lxml-4.9.1-cp38-cp38-manylinux_2_12_i686.manylinux2010_i686.manylinux_2_24_i686.whl", hash = "sha256:487c8e61d7acc50b8be82bda8c8d21d20e133c3cbf41bd8ad7eb1aaeb3f07c97"},
    {file = "lxml-4.9.1-cp38-cp38-manylinux_2_17_aarch64.manylinux2014_aarch64.manylinux_2_24_aarch64.whl", hash = "sha256:8d1a92d8e90b286d491e5626af53afef2ba04da33e82e30744795c71880eaa21"},
    {file = "lxml-4.9.1-cp38-cp38-manylinux_2_17_x86_64.manylinux2014_x86_64.manylinux_2_24_x86_64.whl", hash = "sha256:b570da8cd0012f4af9fa76a5635cd31f707473e65a5a335b186069d5c7121ff2"},
    {file = "lxml-4.9.1-cp38-cp38-manylinux_2_5_i686.manylinux1_i686.whl", hash = "sha256:5ef87fca280fb15342726bd5f980f6faf8b84a5287fcc2d4962ea8af88b35130"},
    {file = "lxml-4.9.1-cp38-cp38-manylinux_2_5_x86_64.manylinux1_x86_64.whl", hash = "sha256:93e414e3206779ef41e5ff2448067213febf260ba747fc65389a3ddaa3fb8715"},
    {file = "lxml-4.9.1-cp38-cp38-musllinux_1_1_aarch64.whl", hash = "sha256:6653071f4f9bac46fbc30f3c7838b0e9063ee335908c5d61fb7a4a86c8fd2036"},
    {file = "lxml-4.9.1-cp38-cp38-musllinux_1_1_x86_64.whl", hash = "sha256:32a73c53783becdb7eaf75a2a1525ea8e49379fb7248c3eeefb9412123536387"},
    {file = "lxml-4.9.1-cp38-cp38-win32.whl", hash = "sha256:1a7c59c6ffd6ef5db362b798f350e24ab2cfa5700d53ac6681918f314a4d3b94"},
    {file = "lxml-4.9.1-cp38-cp38-win_amd64.whl", hash = "sha256:1436cf0063bba7888e43f1ba8d58824f085410ea2025befe81150aceb123e345"},
    {file = "lxml-4.9.1-cp39-cp39-macosx_10_15_x86_64.whl", hash = "sha256:4beea0f31491bc086991b97517b9683e5cfb369205dac0148ef685ac12a20a67"},
    {file = "lxml-4.9.1-cp39-cp39-manylinux_2_12_i686.manylinux2010_i686.manylinux_2_24_i686.whl", hash = "sha256:41fb58868b816c202e8881fd0f179a4644ce6e7cbbb248ef0283a34b73ec73bb"},
    {file = "lxml-4.9.1-cp39-cp39-manylinux_2_17_aarch64.manylinux2014_aarch64.manylinux_2_24_aarch64.whl", hash = "sha256:bd34f6d1810d9354dc7e35158aa6cc33456be7706df4420819af6ed966e85448"},
    {file = "lxml-4.9.1-cp39-cp39-manylinux_2_17_x86_64.manylinux2014_x86_64.manylinux_2_24_x86_64.whl", hash = "sha256:edffbe3c510d8f4bf8640e02ca019e48a9b72357318383ca60e3330c23aaffc7"},
    {file = "lxml-4.9.1-cp39-cp39-manylinux_2_5_i686.manylinux1_i686.whl", hash = "sha256:6d949f53ad4fc7cf02c44d6678e7ff05ec5f5552b235b9e136bd52e9bf730b91"},
    {file = "lxml-4.9.1-cp39-cp39-manylinux_2_5_x86_64.manylinux1_x86_64.whl", hash = "sha256:079b68f197c796e42aa80b1f739f058dcee796dc725cc9a1be0cdb08fc45b000"},
    {file = "lxml-4.9.1-cp39-cp39-musllinux_1_1_aarch64.whl", hash = "sha256:9c3a88d20e4fe4a2a4a84bf439a5ac9c9aba400b85244c63a1ab7088f85d9d25"},
    {file = "lxml-4.9.1-cp39-cp39-musllinux_1_1_x86_64.whl", hash = "sha256:4e285b5f2bf321fc0857b491b5028c5f276ec0c873b985d58d7748ece1d770dd"},
    {file = "lxml-4.9.1-cp39-cp39-win32.whl", hash = "sha256:ef72013e20dd5ba86a8ae1aed7f56f31d3374189aa8b433e7b12ad182c0d2dfb"},
    {file = "lxml-4.9.1-cp39-cp39-win_amd64.whl", hash = "sha256:10d2017f9150248563bb579cd0d07c61c58da85c922b780060dcc9a3aa9f432d"},
    {file = "lxml-4.9.1-pp37-pypy37_pp73-macosx_10_15_x86_64.whl", hash = "sha256:0538747a9d7827ce3e16a8fdd201a99e661c7dee3c96c885d8ecba3c35d1032c"},
    {file = "lxml-4.9.1-pp37-pypy37_pp73-manylinux_2_12_i686.manylinux2010_i686.manylinux_2_24_i686.whl", hash = "sha256:0645e934e940107e2fdbe7c5b6fb8ec6232444260752598bc4d09511bd056c0b"},
    {file = "lxml-4.9.1-pp37-pypy37_pp73-manylinux_2_17_x86_64.manylinux2014_x86_64.manylinux_2_24_x86_64.whl", hash = "sha256:6daa662aba22ef3258934105be2dd9afa5bb45748f4f702a3b39a5bf53a1f4dc"},
    {file = "lxml-4.9.1-pp38-pypy38_pp73-macosx_10_15_x86_64.whl", hash = "sha256:603a464c2e67d8a546ddaa206d98e3246e5db05594b97db844c2f0a1af37cf5b"},
    {file = "lxml-4.9.1-pp38-pypy38_pp73-manylinux_2_12_i686.manylinux2010_i686.manylinux_2_24_i686.whl", hash = "sha256:c4b2e0559b68455c085fb0f6178e9752c4be3bba104d6e881eb5573b399d1eb2"},
    {file = "lxml-4.9.1-pp38-pypy38_pp73-manylinux_2_17_x86_64.manylinux2014_x86_64.manylinux_2_24_x86_64.whl", hash = "sha256:0f3f0059891d3254c7b5fb935330d6db38d6519ecd238ca4fce93c234b4a0f73"},
    {file = "lxml-4.9.1-pp39-pypy39_pp73-manylinux_2_12_i686.manylinux2010_i686.manylinux_2_24_i686.whl", hash = "sha256:c852b1530083a620cb0de5f3cd6826f19862bafeaf77586f1aef326e49d95f0c"},
    {file = "lxml-4.9.1-pp39-pypy39_pp73-manylinux_2_17_x86_64.manylinux2014_x86_64.manylinux_2_24_x86_64.whl", hash = "sha256:287605bede6bd36e930577c5925fcea17cb30453d96a7b4c63c14a257118dbb9"},
    {file = "lxml-4.9.1.tar.gz", hash = "sha256:fe749b052bb7233fe5d072fcb549221a8cb1a16725c47c37e42b0b9cb3ff2c3f"},
]
mccabe = [
    {file = "mccabe-0.6.1-py2.py3-none-any.whl", hash = "sha256:ab8a6258860da4b6677da4bd2fe5dc2c659cff31b3ee4f7f5d64e79735b80d42"},
    {file = "mccabe-0.6.1.tar.gz", hash = "sha256:dd8d182285a0fe56bace7f45b5e7d1a6ebcbf524e8f3bd87eb0f125271b8831f"},
]
oauthlib = [
    {file = "oauthlib-3.1.0-py2.py3-none-any.whl", hash = "sha256:df884cd6cbe20e32633f1db1072e9356f53638e4361bef4e8b03c9127c9328ea"},
    {file = "oauthlib-3.1.0.tar.gz", hash = "sha256:bee41cc35fcca6e988463cacc3bcb8a96224f470ca547e697b604cc697b2f889"},
]
packaging = [
    {file = "packaging-20.9-py2.py3-none-any.whl", hash = "sha256:67714da7f7bc052e064859c05c595155bd1ee9f69f76557e21f051443c20947a"},
    {file = "packaging-20.9.tar.gz", hash = "sha256:5b327ac1320dc863dca72f4514ecc086f31186744b84a230374cc1fd776feae5"},
]
protobuf = [
    {file = "protobuf-3.15.5-cp27-cp27m-macosx_10_9_x86_64.whl", hash = "sha256:d26ed8dbdbe6b62cd24173c9ceb7588ae7831eec172ac002b095af091db01196"},
    {file = "protobuf-3.15.5-cp27-cp27mu-manylinux1_x86_64.whl", hash = "sha256:9133b39924485ae43c02fc8274e57e5aa1706ad0970de49c72cfb8c0854d5f89"},
    {file = "protobuf-3.15.5-cp35-cp35m-macosx_10_9_intel.whl", hash = "sha256:6bb44c15c98091e926a98362bff7fb24338bdf4001a6614834b8414c3b8593ee"},
    {file = "protobuf-3.15.5-cp35-cp35m-manylinux1_x86_64.whl", hash = "sha256:2d4cede5f2f2514df4a1eda1424a14d46daa5ea57963a1ea0fdab8d74ca2f9cd"},
    {file = "protobuf-3.15.5-cp35-cp35m-win32.whl", hash = "sha256:ab735b3a4342004afa60ff580ce2be0f2aa784f1f69ee7f08a23ef26d22d811d"},
    {file = "protobuf-3.15.5-cp35-cp35m-win_amd64.whl", hash = "sha256:a390e4bbb8232945fc8e4493c8b70949423a6dacee6f0353021b59c40b039e25"},
    {file = "protobuf-3.15.5-cp36-cp36m-macosx_10_9_x86_64.whl", hash = "sha256:dc7191b2e3361fdf2979e78a120a3a40e9d811318f6b2629036f53d9cb041c09"},
    {file = "protobuf-3.15.5-cp36-cp36m-manylinux1_x86_64.whl", hash = "sha256:762f6b9fb8025db34f762a860fd2b1473dfc84bcd0c3e4f396a695c83d733729"},
    {file = "protobuf-3.15.5-cp36-cp36m-win32.whl", hash = "sha256:d1aab4d0aed36f7873734a243b46786d407cfa1010fae886249db56a1493a057"},
    {file = "protobuf-3.15.5-cp36-cp36m-win_amd64.whl", hash = "sha256:119b4d308c87e833b6265b3922d5f5927e9d804605fcb1c1f771aa4d17e03591"},
    {file = "protobuf-3.15.5-cp37-cp37m-macosx_10_9_x86_64.whl", hash = "sha256:c5b37b117ef89431149883d9b867c341a01f835142864722534885dcc1db6b1b"},
    {file = "protobuf-3.15.5-cp37-cp37m-manylinux1_x86_64.whl", hash = "sha256:f75aa0483fec2e4208bd4be18da0e3d7161dc74c65b6d6108f5968a8fe53a8ce"},
    {file = "protobuf-3.15.5-cp37-cp37m-win32.whl", hash = "sha256:5d52d89e26adf0ba65193b6be39025c7766740ccc57fe9d10ddb709220b360d9"},
    {file = "protobuf-3.15.5-cp37-cp37m-win_amd64.whl", hash = "sha256:87b5bc2ff944810a918628fc1f45f766acab23e1fecb0634fcf86cda554b30c4"},
    {file = "protobuf-3.15.5-cp38-cp38-macosx_10_9_x86_64.whl", hash = "sha256:282385b8dd168b0f71f2ffca74c1fb39377f42217830ab492a0b64cbe14f86c1"},
    {file = "protobuf-3.15.5-cp38-cp38-manylinux1_x86_64.whl", hash = "sha256:9f4445f197f779cd5b37c9d5d4aeb0d1999c1df7d143a9bce21d03dac8dba205"},
    {file = "protobuf-3.15.5-cp39-cp39-macosx_10_9_x86_64.whl", hash = "sha256:ac7c7a2b271307787ccdc0a45278827f36f72aba5040eadefff129b869068797"},
    {file = "protobuf-3.15.5-cp39-cp39-manylinux1_x86_64.whl", hash = "sha256:8090b77f0791560b3c01263f6222006fe4c1d1d526539344afc4ecd9bd3e56f2"},
    {file = "protobuf-3.15.5-py2.py3-none-any.whl", hash = "sha256:dbb98adb4281684eb54ce1f003b574bbc5768b9f614d7faa2c56f30e18519ec7"},
    {file = "protobuf-3.15.5.tar.gz", hash = "sha256:be8a929c6178bb6cbe9e2c858be62fa08966a39ae758a8493a88f0ed1efb6097"},
]
pyasn1 = [
    {file = "pyasn1-0.4.8-py2.4.egg", hash = "sha256:fec3e9d8e36808a28efb59b489e4528c10ad0f480e57dcc32b4de5c9d8c9fdf3"},
    {file = "pyasn1-0.4.8-py2.5.egg", hash = "sha256:0458773cfe65b153891ac249bcf1b5f8f320b7c2ce462151f8fa74de8934becf"},
    {file = "pyasn1-0.4.8-py2.6.egg", hash = "sha256:5c9414dcfede6e441f7e8f81b43b34e834731003427e5b09e4e00e3172a10f00"},
    {file = "pyasn1-0.4.8-py2.7.egg", hash = "sha256:6e7545f1a61025a4e58bb336952c5061697da694db1cae97b116e9c46abcf7c8"},
    {file = "pyasn1-0.4.8-py2.py3-none-any.whl", hash = "sha256:39c7e2ec30515947ff4e87fb6f456dfc6e84857d34be479c9d4a4ba4bf46aa5d"},
    {file = "pyasn1-0.4.8-py3.1.egg", hash = "sha256:78fa6da68ed2727915c4767bb386ab32cdba863caa7dbe473eaae45f9959da86"},
    {file = "pyasn1-0.4.8-py3.2.egg", hash = "sha256:08c3c53b75eaa48d71cf8c710312316392ed40899cb34710d092e96745a358b7"},
    {file = "pyasn1-0.4.8-py3.3.egg", hash = "sha256:03840c999ba71680a131cfaee6fab142e1ed9bbd9c693e285cc6aca0d555e576"},
    {file = "pyasn1-0.4.8-py3.4.egg", hash = "sha256:7ab8a544af125fb704feadb008c99a88805126fb525280b2270bb25cc1d78a12"},
    {file = "pyasn1-0.4.8-py3.5.egg", hash = "sha256:e89bf84b5437b532b0803ba5c9a5e054d21fec423a89952a74f87fa2c9b7bce2"},
    {file = "pyasn1-0.4.8-py3.6.egg", hash = "sha256:014c0e9976956a08139dc0712ae195324a75e142284d5f87f1a87ee1b068a359"},
    {file = "pyasn1-0.4.8-py3.7.egg", hash = "sha256:99fcc3c8d804d1bc6d9a099921e39d827026409a58f2a720dcdb89374ea0c776"},
    {file = "pyasn1-0.4.8.tar.gz", hash = "sha256:aef77c9fb94a3ac588e87841208bdec464471d9871bd5050a287cc9a475cd0ba"},
]
pyasn1-modules = [
    {file = "pyasn1-modules-0.2.8.tar.gz", hash = "sha256:905f84c712230b2c592c19470d3ca8d552de726050d1d1716282a1f6146be65e"},
    {file = "pyasn1_modules-0.2.8-py2.4.egg", hash = "sha256:0fe1b68d1e486a1ed5473f1302bd991c1611d319bba158e98b106ff86e1d7199"},
    {file = "pyasn1_modules-0.2.8-py2.5.egg", hash = "sha256:fe0644d9ab041506b62782e92b06b8c68cca799e1a9636ec398675459e031405"},
    {file = "pyasn1_modules-0.2.8-py2.6.egg", hash = "sha256:a99324196732f53093a84c4369c996713eb8c89d360a496b599fb1a9c47fc3eb"},
    {file = "pyasn1_modules-0.2.8-py2.7.egg", hash = "sha256:0845a5582f6a02bb3e1bde9ecfc4bfcae6ec3210dd270522fee602365430c3f8"},
    {file = "pyasn1_modules-0.2.8-py2.py3-none-any.whl", hash = "sha256:a50b808ffeb97cb3601dd25981f6b016cbb3d31fbf57a8b8a87428e6158d0c74"},
    {file = "pyasn1_modules-0.2.8-py3.1.egg", hash = "sha256:f39edd8c4ecaa4556e989147ebf219227e2cd2e8a43c7e7fcb1f1c18c5fd6a3d"},
    {file = "pyasn1_modules-0.2.8-py3.2.egg", hash = "sha256:b80486a6c77252ea3a3e9b1e360bc9cf28eaac41263d173c032581ad2f20fe45"},
    {file = "pyasn1_modules-0.2.8-py3.3.egg", hash = "sha256:65cebbaffc913f4fe9e4808735c95ea22d7a7775646ab690518c056784bc21b4"},
    {file = "pyasn1_modules-0.2.8-py3.4.egg", hash = "sha256:15b7c67fabc7fc240d87fb9aabf999cf82311a6d6fb2c70d00d3d0604878c811"},
    {file = "pyasn1_modules-0.2.8-py3.5.egg", hash = "sha256:426edb7a5e8879f1ec54a1864f16b882c2837bfd06eee62f2c982315ee2473ed"},
    {file = "pyasn1_modules-0.2.8-py3.6.egg", hash = "sha256:cbac4bc38d117f2a49aeedec4407d23e8866ea4ac27ff2cf7fb3e5b570df19e0"},
    {file = "pyasn1_modules-0.2.8-py3.7.egg", hash = "sha256:c29a5e5cc7a3f05926aff34e097e84f8589cd790ce0ed41b67aed6857b26aafd"},
]
pycoingecko = [
    {file = "pycoingecko-1.4.0-py3-none-any.whl", hash = "sha256:bc6e2d87a59bda88bd01a241b37d49c30104842534fdf65ba96616c90419d756"},
    {file = "pycoingecko-1.4.0.tar.gz", hash = "sha256:082949e83b49ab89090d19b88b6177c9458679dc4a98323db950bd4cef7afa2e"},
]
pygithub = [
    {file = "PyGithub-1.54.1-py3-none-any.whl", hash = "sha256:87afd6a67ea582aa7533afdbf41635725f13d12581faed7e3e04b1579c0c0627"},
    {file = "PyGithub-1.54.1.tar.gz", hash = "sha256:300bc16e62886ca6537b0830e8f516ea4bc3ef12d308e0c5aff8bdbd099173d4"},
]
pyjwt = [
    {file = "PyJWT-1.7.1-py2.py3-none-any.whl", hash = "sha256:5c6eca3c2940464d106b99ba83b00c6add741c9becaec087fb7ccdefea71350e"},
    {file = "PyJWT-1.7.1.tar.gz", hash = "sha256:8d59a976fb773f3e6a39c85636357c4f0e242707394cadadd9814f5cbaa20e96"},
]
pylint = [
    {file = "pylint-2.7.2-py3-none-any.whl", hash = "sha256:d09b0b07ba06bcdff463958f53f23df25e740ecd81895f7d2699ec04bbd8dc3b"},
    {file = "pylint-2.7.2.tar.gz", hash = "sha256:0e21d3b80b96740909d77206d741aa3ce0b06b41be375d92e1f3244a274c1f8a"},
]
pyparsing = [
    {file = "pyparsing-2.4.7-py2.py3-none-any.whl", hash = "sha256:ef9d7589ef3c200abe66653d3f1ab1033c3c419ae9b9bdb1240a85b024efc88b"},
    {file = "pyparsing-2.4.7.tar.gz", hash = "sha256:c203ec8783bf771a155b207279b9bccb8dea02d8f0c9e5f8ead507bc3246ecc1"},
]
pytz = [
    {file = "pytz-2021.1-py2.py3-none-any.whl", hash = "sha256:eb10ce3e7736052ed3623d49975ce333bcd712c7bb19a58b9e2089d4057d0798"},
    {file = "pytz-2021.1.tar.gz", hash = "sha256:83a4a90894bf38e243cf052c8b58f381bfe9a7a483f6a9cab140bc7f702ac4da"},
]
requests = [
    {file = "requests-2.25.1-py2.py3-none-any.whl", hash = "sha256:c210084e36a42ae6b9219e00e48287def368a26d03a048ddad7bfee44f75871e"},
    {file = "requests-2.25.1.tar.gz", hash = "sha256:27973dd4a904a4f13b263a19c866c13b92a39ed1c964655f025f3f8d3d75b804"},
]
requests-oauthlib = [
    {file = "requests-oauthlib-1.3.0.tar.gz", hash = "sha256:b4261601a71fd721a8bd6d7aa1cc1d6a8a93b4a9f5e96626f8e4d91e8beeaa6a"},
    {file = "requests_oauthlib-1.3.0-py2.py3-none-any.whl", hash = "sha256:7f71572defaecd16372f9006f33c2ec8c077c3cfa6f5911a9a90202beb513f3d"},
    {file = "requests_oauthlib-1.3.0-py3.7.egg", hash = "sha256:fa6c47b933f01060936d87ae9327fead68768b69c6c9ea2109c48be30f2d4dbc"},
]
rsa = [
    {file = "rsa-4.7.2-py3-none-any.whl", hash = "sha256:78f9a9bf4e7be0c5ded4583326e7461e3a3c5aae24073648b4bdfa797d78c9d2"},
    {file = "rsa-4.7.2.tar.gz", hash = "sha256:9d689e6ca1b3038bc82bf8d23e944b6b6037bc02301a574935b2dd946e0353b9"},
]
six = [
    {file = "six-1.15.0-py2.py3-none-any.whl", hash = "sha256:8b74bedcbbbaca38ff6d7491d76f2b06b3592611af620f8426e82dddb04a5ced"},
    {file = "six-1.15.0.tar.gz", hash = "sha256:30639c035cdb23534cd4aa2dd52c3bf48f06e5f4a941509c8bafd8ce11080259"},
]
soupsieve = [
    {file = "soupsieve-2.2-py3-none-any.whl", hash = "sha256:d3a5ea5b350423f47d07639f74475afedad48cf41c0ad7a82ca13a3928af34f6"},
    {file = "soupsieve-2.2.tar.gz", hash = "sha256:407fa1e8eb3458d1b5614df51d9651a1180ea5fedf07feb46e45d7e25e6d6cdd"},
]
toml = [
    {file = "toml-0.10.2-py2.py3-none-any.whl", hash = "sha256:806143ae5bfb6a3c6e736a764057db0e6a0e05e338b5630894a5f779cabb4f9b"},
    {file = "toml-0.10.2.tar.gz", hash = "sha256:b3bda1d108d5dd99f4a20d24d9c348e91c4db7ab1b749200bded2f839ccbe68f"},
]
uritemplate = [
    {file = "uritemplate-3.0.1-py2.py3-none-any.whl", hash = "sha256:07620c3f3f8eed1f12600845892b0e036a2420acf513c53f7de0abd911a5894f"},
    {file = "uritemplate-3.0.1.tar.gz", hash = "sha256:5af8ad10cec94f215e3f48112de2022e1d5a37ed427fbd88652fa908f2ab7cae"},
]
urllib3 = [
    {file = "urllib3-1.26.5-py2.py3-none-any.whl", hash = "sha256:753a0374df26658f99d826cfe40394a686d05985786d946fbe4165b5148f5a7c"},
    {file = "urllib3-1.26.5.tar.gz", hash = "sha256:a7acd0977125325f516bda9735fa7142b909a8d01e8b2e4c8108d0984e6e0098"},
]
wrapt = [
    {file = "wrapt-1.12.1.tar.gz", hash = "sha256:b62ffa81fb85f4332a4f609cab4ac40709470da05643a082ec1eb88e6d9b97d7"},
]
